// !$*UTF8*$!
{
	archiveVersion = 1;
	classes = {
	};
	objectVersion = 50;
	objects = {

/* Begin PBXBuildFile section */
		8617536F264B018E00C9EB8F /* DebugView.swift in Sources */ = {isa = PBXBuildFile; fileRef = 8617536E264B018E00C9EB8F /* DebugView.swift */; };
		861D4C1D26419B020091C242 /* CardDockView.swift in Sources */ = {isa = PBXBuildFile; fileRef = 861D4C1C26419B020091C242 /* CardDockView.swift */; };
		861D4C2026419C020091C242 /* CardView.swift in Sources */ = {isa = PBXBuildFile; fileRef = 861D4C1F26419C020091C242 /* CardView.swift */; };
		861D4C232641B20C0091C242 /* Card.swift in Sources */ = {isa = PBXBuildFile; fileRef = 861D4C222641B20C0091C242 /* Card.swift */; };
		862E3432264471A8005E3F11 /* EntityController.swift in Sources */ = {isa = PBXBuildFile; fileRef = 862E3431264471A8005E3F11 /* EntityController.swift */; };
		862E343526447331005E3F11 /* Entity.swift in Sources */ = {isa = PBXBuildFile; fileRef = 862E343426447331005E3F11 /* Entity.swift */; };
		862E3439264473FD005E3F11 /* WarriorEntity.swift in Sources */ = {isa = PBXBuildFile; fileRef = 862E3438264473FD005E3F11 /* WarriorEntity.swift */; };
		864465B326191CF2000851FC /* AppDelegate.swift in Sources */ = {isa = PBXBuildFile; fileRef = 864465B226191CF2000851FC /* AppDelegate.swift */; };
		864465BC26191CF3000851FC /* Assets.xcassets in Resources */ = {isa = PBXBuildFile; fileRef = 864465BB26191CF3000851FC /* Assets.xcassets */; };
		864465BF26191CF3000851FC /* LaunchScreen.storyboard in Resources */ = {isa = PBXBuildFile; fileRef = 864465BD26191CF3000851FC /* LaunchScreen.storyboard */; };
		864465D026191F4E000851FC /* InitialViewController.swift in Sources */ = {isa = PBXBuildFile; fileRef = 864465CF26191F4E000851FC /* InitialViewController.swift */; };
		864465D426191FBF000851FC /* UIColor.swift in Sources */ = {isa = PBXBuildFile; fileRef = 864465D326191FBF000851FC /* UIColor.swift */; };
		864465DC261920B1000851FC /* Roboto-Black.ttf in Resources */ = {isa = PBXBuildFile; fileRef = 864465D7261920B0000851FC /* Roboto-Black.ttf */; };
		864465DD261920B1000851FC /* Roboto-Medium.ttf in Resources */ = {isa = PBXBuildFile; fileRef = 864465D8261920B0000851FC /* Roboto-Medium.ttf */; };
		864465DE261920B1000851FC /* Roboto-Bold.ttf in Resources */ = {isa = PBXBuildFile; fileRef = 864465D9261920B1000851FC /* Roboto-Bold.ttf */; };
		864465DF261920B1000851FC /* Roboto-Regular.ttf in Resources */ = {isa = PBXBuildFile; fileRef = 864465DA261920B1000851FC /* Roboto-Regular.ttf */; };
		864465E0261920B1000851FC /* Roboto-Light.ttf in Resources */ = {isa = PBXBuildFile; fileRef = 864465DB261920B1000851FC /* Roboto-Light.ttf */; };
		864465E4261920F8000851FC /* Text.swift in Sources */ = {isa = PBXBuildFile; fileRef = 864465E3261920F8000851FC /* Text.swift */; };
		864465EA26192237000851FC /* Layout.swift in Sources */ = {isa = PBXBuildFile; fileRef = 864465E926192237000851FC /* Layout.swift */; };
		864465EE26192A04000851FC /* EditMapViewController.swift in Sources */ = {isa = PBXBuildFile; fileRef = 864465ED26192A04000851FC /* EditMapViewController.swift */; };
		8644660A26192E46000851FC /* ChunkEditorView.swift in Sources */ = {isa = PBXBuildFile; fileRef = 864465F226192E46000851FC /* ChunkEditorView.swift */; };
		8644660B26192E46000851FC /* ChunkFadeEditor.swift in Sources */ = {isa = PBXBuildFile; fileRef = 864465F326192E46000851FC /* ChunkFadeEditor.swift */; };
		8644660C26192E46000851FC /* ChunkSeedEditor.swift in Sources */ = {isa = PBXBuildFile; fileRef = 864465F426192E46000851FC /* ChunkSeedEditor.swift */; };
		8644660D26192E46000851FC /* MapEditorView.swift in Sources */ = {isa = PBXBuildFile; fileRef = 864465F526192E46000851FC /* MapEditorView.swift */; };
		8644660F26192E46000851FC /* PipelineDescriptorLibrary.swift in Sources */ = {isa = PBXBuildFile; fileRef = 864465F926192E46000851FC /* PipelineDescriptorLibrary.swift */; };
		8644661026192E46000851FC /* ShaderLibrary.swift in Sources */ = {isa = PBXBuildFile; fileRef = 864465FA26192E46000851FC /* ShaderLibrary.swift */; };
		8644661126192E46000851FC /* PipelineStateLibrary.swift in Sources */ = {isa = PBXBuildFile; fileRef = 864465FB26192E46000851FC /* PipelineStateLibrary.swift */; };
		8644661326192E46000851FC /* GridLayer.swift in Sources */ = {isa = PBXBuildFile; fileRef = 864465FE26192E46000851FC /* GridLayer.swift */; };
		8644661426192E46000851FC /* EditMapLayer.swift in Sources */ = {isa = PBXBuildFile; fileRef = 8644660026192E46000851FC /* EditMapLayer.swift */; };
		8644661526192E46000851FC /* EditMapLayerMapTerrianGeneration.swift in Sources */ = {isa = PBXBuildFile; fileRef = 8644660126192E46000851FC /* EditMapLayerMapTerrianGeneration.swift */; };
		8644661626192E46000851FC /* RenderLayer.swift in Sources */ = {isa = PBXBuildFile; fileRef = 8644660226192E46000851FC /* RenderLayer.swift */; };
		8644661826192E46000851FC /* Engine.swift in Sources */ = {isa = PBXBuildFile; fileRef = 8644660526192E46000851FC /* Engine.swift */; };
		8644661926192E46000851FC /* Shaders.metal in Sources */ = {isa = PBXBuildFile; fileRef = 8644660726192E46000851FC /* Shaders.metal */; };
		8644661A26192E46000851FC /* MapEditorController.swift in Sources */ = {isa = PBXBuildFile; fileRef = 8644660826192E46000851FC /* MapEditorController.swift */; };
		8644662226195242000851FC /* GraphicsEngine.swift in Sources */ = {isa = PBXBuildFile; fileRef = 8644662126195242000851FC /* GraphicsEngine.swift */; };
		864466282619540A000851FC /* Types.swift in Sources */ = {isa = PBXBuildFile; fileRef = 864466272619540A000851FC /* Types.swift */; };
		8668945B2623B31E006B6B21 /* Global Enums.swift in Sources */ = {isa = PBXBuildFile; fileRef = 8668945A2623B31E006B6B21 /* Global Enums.swift */; };
		866894642623CC3F006B6B21 /* SelectMapViewController.swift in Sources */ = {isa = PBXBuildFile; fileRef = 866894632623CC3F006B6B21 /* SelectMapViewController.swift */; };
		866894672623CE8E006B6B21 /* SelectMapButton.swift in Sources */ = {isa = PBXBuildFile; fileRef = 866894662623CE8E006B6B21 /* SelectMapButton.swift */; };
		8668946A26252955006B6B21 /* PlayViewController.swift in Sources */ = {isa = PBXBuildFile; fileRef = 8668946926252955006B6B21 /* PlayViewController.swift */; };
		8668946E26252BB1006B6B21 /* PlayMapView.swift in Sources */ = {isa = PBXBuildFile; fileRef = 8668946D26252BB1006B6B21 /* PlayMapView.swift */; };
		8668947126252C79006B6B21 /* PlayController.swift in Sources */ = {isa = PBXBuildFile; fileRef = 8668947026252C79006B6B21 /* PlayController.swift */; };
		866894752625315A006B6B21 /* Map.swift in Sources */ = {isa = PBXBuildFile; fileRef = 866894742625315A006B6B21 /* Map.swift */; };
		8668947B2625382B006B6B21 /* MapLayer.swift in Sources */ = {isa = PBXBuildFile; fileRef = 8668947A2625382B006B6B21 /* MapLayer.swift */; };
		8684051B2632926E000F3845 /* TileHelper.swift in Sources */ = {isa = PBXBuildFile; fileRef = 8684051A2632926E000F3845 /* TileHelper.swift */; };
		86A40C8D26197E4700481FEF /* EngineTouchController.swift in Sources */ = {isa = PBXBuildFile; fileRef = 86A40C8C26197E4700481FEF /* EngineTouchController.swift */; };
		86A6B22E264484F300F63D25 /* PlayNetwork.swift in Sources */ = {isa = PBXBuildFile; fileRef = 86A6B22D264484F300F63D25 /* PlayNetwork.swift */; };
		86A6B2332645CF9E00F63D25 /* AlertController.swift in Sources */ = {isa = PBXBuildFile; fileRef = 86A6B2322645CF9E00F63D25 /* AlertController.swift */; };
		86A6B2382645D13600F63D25 /* WaitingForPlayersView.swift in Sources */ = {isa = PBXBuildFile; fileRef = 86A6B2372645D13600F63D25 /* WaitingForPlayersView.swift */; };
		86AC2CFA26438D51002D23E0 /* EntityPlacer.swift in Sources */ = {isa = PBXBuildFile; fileRef = 86AC2CF926438D50002D23E0 /* EntityPlacer.swift */; };
		86AC2CFD264394E1002D23E0 /* MapLocationHelper.swift in Sources */ = {isa = PBXBuildFile; fileRef = 86AC2CFC264394E1002D23E0 /* MapLocationHelper.swift */; };
		86AC2D01264466C1002D23E0 /* WarriorCard.swift in Sources */ = {isa = PBXBuildFile; fileRef = 86AC2D00264466C1002D23E0 /* WarriorCard.swift */; };
		86AEA386264B9F6B008660DE /* PingTestViewController.swift in Sources */ = {isa = PBXBuildFile; fileRef = 86AEA385264B9F6B008660DE /* PingTestViewController.swift */; };
		86B126F52645EAFA000DCB61 /* PlayNetworkHelper.swift in Sources */ = {isa = PBXBuildFile; fileRef = 86B126F42645EAFA000DCB61 /* PlayNetworkHelper.swift */; };
		86B126F72645FB39000DCB61 /* OrderQueue.swift in Sources */ = {isa = PBXBuildFile; fileRef = 86B126F62645FB39000DCB61 /* OrderQueue.swift */; };
		86FEAF7F26434EA40084BFF1 /* CelledTextureLayer.swift in Sources */ = {isa = PBXBuildFile; fileRef = 86FEAF7E26434EA40084BFF1 /* CelledTextureLayer.swift */; };
/* End PBXBuildFile section */

/* Begin PBXFileReference section */
		8617536E264B018E00C9EB8F /* DebugView.swift */ = {isa = PBXFileReference; lastKnownFileType = sourcecode.swift; path = DebugView.swift; sourceTree = "<group>"; };
		861D4C1C26419B020091C242 /* CardDockView.swift */ = {isa = PBXFileReference; lastKnownFileType = sourcecode.swift; path = CardDockView.swift; sourceTree = "<group>"; };
		861D4C1F26419C020091C242 /* CardView.swift */ = {isa = PBXFileReference; lastKnownFileType = sourcecode.swift; path = CardView.swift; sourceTree = "<group>"; };
		861D4C222641B20C0091C242 /* Card.swift */ = {isa = PBXFileReference; lastKnownFileType = sourcecode.swift; path = Card.swift; sourceTree = "<group>"; };
		862E3431264471A8005E3F11 /* EntityController.swift */ = {isa = PBXFileReference; lastKnownFileType = sourcecode.swift; path = EntityController.swift; sourceTree = "<group>"; };
		862E343426447331005E3F11 /* Entity.swift */ = {isa = PBXFileReference; lastKnownFileType = sourcecode.swift; path = Entity.swift; sourceTree = "<group>"; };
		862E3438264473FD005E3F11 /* WarriorEntity.swift */ = {isa = PBXFileReference; lastKnownFileType = sourcecode.swift; path = WarriorEntity.swift; sourceTree = "<group>"; };
		864465AF26191CF2000851FC /* Island Hopper.app */ = {isa = PBXFileReference; explicitFileType = wrapper.application; includeInIndex = 0; path = "Island Hopper.app"; sourceTree = BUILT_PRODUCTS_DIR; };
		864465B226191CF2000851FC /* AppDelegate.swift */ = {isa = PBXFileReference; lastKnownFileType = sourcecode.swift; path = AppDelegate.swift; sourceTree = "<group>"; };
		864465BB26191CF3000851FC /* Assets.xcassets */ = {isa = PBXFileReference; lastKnownFileType = folder.assetcatalog; path = Assets.xcassets; sourceTree = "<group>"; };
		864465BE26191CF3000851FC /* Base */ = {isa = PBXFileReference; lastKnownFileType = file.storyboard; name = Base; path = Base.lproj/LaunchScreen.storyboard; sourceTree = "<group>"; };
		864465C026191CF3000851FC /* Info.plist */ = {isa = PBXFileReference; lastKnownFileType = text.plist.xml; path = Info.plist; sourceTree = "<group>"; };
		864465CF26191F4E000851FC /* InitialViewController.swift */ = {isa = PBXFileReference; lastKnownFileType = sourcecode.swift; path = InitialViewController.swift; sourceTree = "<group>"; };
		864465D326191FBF000851FC /* UIColor.swift */ = {isa = PBXFileReference; lastKnownFileType = sourcecode.swift; path = UIColor.swift; sourceTree = "<group>"; };
		864465D7261920B0000851FC /* Roboto-Black.ttf */ = {isa = PBXFileReference; lastKnownFileType = file; path = "Roboto-Black.ttf"; sourceTree = "<group>"; };
		864465D8261920B0000851FC /* Roboto-Medium.ttf */ = {isa = PBXFileReference; lastKnownFileType = file; path = "Roboto-Medium.ttf"; sourceTree = "<group>"; };
		864465D9261920B1000851FC /* Roboto-Bold.ttf */ = {isa = PBXFileReference; lastKnownFileType = file; path = "Roboto-Bold.ttf"; sourceTree = "<group>"; };
		864465DA261920B1000851FC /* Roboto-Regular.ttf */ = {isa = PBXFileReference; lastKnownFileType = file; path = "Roboto-Regular.ttf"; sourceTree = "<group>"; };
		864465DB261920B1000851FC /* Roboto-Light.ttf */ = {isa = PBXFileReference; lastKnownFileType = file; path = "Roboto-Light.ttf"; sourceTree = "<group>"; };
		864465E3261920F8000851FC /* Text.swift */ = {isa = PBXFileReference; lastKnownFileType = sourcecode.swift; path = Text.swift; sourceTree = "<group>"; };
		864465E926192237000851FC /* Layout.swift */ = {isa = PBXFileReference; lastKnownFileType = sourcecode.swift; path = Layout.swift; sourceTree = "<group>"; };
		864465ED26192A04000851FC /* EditMapViewController.swift */ = {isa = PBXFileReference; lastKnownFileType = sourcecode.swift; path = EditMapViewController.swift; sourceTree = "<group>"; };
		864465F226192E46000851FC /* ChunkEditorView.swift */ = {isa = PBXFileReference; fileEncoding = 4; lastKnownFileType = sourcecode.swift; path = ChunkEditorView.swift; sourceTree = "<group>"; };
		864465F326192E46000851FC /* ChunkFadeEditor.swift */ = {isa = PBXFileReference; fileEncoding = 4; lastKnownFileType = sourcecode.swift; path = ChunkFadeEditor.swift; sourceTree = "<group>"; };
		864465F426192E46000851FC /* ChunkSeedEditor.swift */ = {isa = PBXFileReference; fileEncoding = 4; lastKnownFileType = sourcecode.swift; path = ChunkSeedEditor.swift; sourceTree = "<group>"; };
		864465F526192E46000851FC /* MapEditorView.swift */ = {isa = PBXFileReference; fileEncoding = 4; lastKnownFileType = sourcecode.swift; path = MapEditorView.swift; sourceTree = "<group>"; };
		864465F926192E46000851FC /* PipelineDescriptorLibrary.swift */ = {isa = PBXFileReference; fileEncoding = 4; lastKnownFileType = sourcecode.swift; path = PipelineDescriptorLibrary.swift; sourceTree = "<group>"; };
		864465FA26192E46000851FC /* ShaderLibrary.swift */ = {isa = PBXFileReference; fileEncoding = 4; lastKnownFileType = sourcecode.swift; path = ShaderLibrary.swift; sourceTree = "<group>"; };
		864465FB26192E46000851FC /* PipelineStateLibrary.swift */ = {isa = PBXFileReference; fileEncoding = 4; lastKnownFileType = sourcecode.swift; path = PipelineStateLibrary.swift; sourceTree = "<group>"; };
		864465FE26192E46000851FC /* GridLayer.swift */ = {isa = PBXFileReference; fileEncoding = 4; lastKnownFileType = sourcecode.swift; path = GridLayer.swift; sourceTree = "<group>"; };
		8644660026192E46000851FC /* EditMapLayer.swift */ = {isa = PBXFileReference; fileEncoding = 4; lastKnownFileType = sourcecode.swift; path = EditMapLayer.swift; sourceTree = "<group>"; };
		8644660126192E46000851FC /* EditMapLayerMapTerrianGeneration.swift */ = {isa = PBXFileReference; fileEncoding = 4; lastKnownFileType = sourcecode.swift; path = EditMapLayerMapTerrianGeneration.swift; sourceTree = "<group>"; };
		8644660226192E46000851FC /* RenderLayer.swift */ = {isa = PBXFileReference; fileEncoding = 4; lastKnownFileType = sourcecode.swift; path = RenderLayer.swift; sourceTree = "<group>"; };
		8644660526192E46000851FC /* Engine.swift */ = {isa = PBXFileReference; fileEncoding = 4; lastKnownFileType = sourcecode.swift; path = Engine.swift; sourceTree = "<group>"; };
		8644660726192E46000851FC /* Shaders.metal */ = {isa = PBXFileReference; fileEncoding = 4; lastKnownFileType = sourcecode.metal; path = Shaders.metal; sourceTree = "<group>"; };
		8644660826192E46000851FC /* MapEditorController.swift */ = {isa = PBXFileReference; fileEncoding = 4; lastKnownFileType = sourcecode.swift; path = MapEditorController.swift; sourceTree = "<group>"; };
		8644662126195242000851FC /* GraphicsEngine.swift */ = {isa = PBXFileReference; lastKnownFileType = sourcecode.swift; path = GraphicsEngine.swift; sourceTree = "<group>"; };
		864466272619540A000851FC /* Types.swift */ = {isa = PBXFileReference; lastKnownFileType = sourcecode.swift; path = Types.swift; sourceTree = "<group>"; };
		8668945A2623B31E006B6B21 /* Global Enums.swift */ = {isa = PBXFileReference; lastKnownFileType = sourcecode.swift; path = "Global Enums.swift"; sourceTree = "<group>"; };
		866894632623CC3F006B6B21 /* SelectMapViewController.swift */ = {isa = PBXFileReference; lastKnownFileType = sourcecode.swift; path = SelectMapViewController.swift; sourceTree = "<group>"; };
		866894662623CE8E006B6B21 /* SelectMapButton.swift */ = {isa = PBXFileReference; lastKnownFileType = sourcecode.swift; path = SelectMapButton.swift; sourceTree = "<group>"; };
		8668946926252955006B6B21 /* PlayViewController.swift */ = {isa = PBXFileReference; lastKnownFileType = sourcecode.swift; path = PlayViewController.swift; sourceTree = "<group>"; };
		8668946D26252BB1006B6B21 /* PlayMapView.swift */ = {isa = PBXFileReference; lastKnownFileType = sourcecode.swift; path = PlayMapView.swift; sourceTree = "<group>"; };
		8668947026252C79006B6B21 /* PlayController.swift */ = {isa = PBXFileReference; lastKnownFileType = sourcecode.swift; path = PlayController.swift; sourceTree = "<group>"; };
		866894742625315A006B6B21 /* Map.swift */ = {isa = PBXFileReference; lastKnownFileType = sourcecode.swift; path = Map.swift; sourceTree = "<group>"; };
		8668947A2625382B006B6B21 /* MapLayer.swift */ = {isa = PBXFileReference; lastKnownFileType = sourcecode.swift; path = MapLayer.swift; sourceTree = "<group>"; };
		8684051A2632926E000F3845 /* TileHelper.swift */ = {isa = PBXFileReference; lastKnownFileType = sourcecode.swift; path = TileHelper.swift; sourceTree = "<group>"; };
		86A40C8C26197E4700481FEF /* EngineTouchController.swift */ = {isa = PBXFileReference; lastKnownFileType = sourcecode.swift; path = EngineTouchController.swift; sourceTree = "<group>"; };
		86A6B22D264484F300F63D25 /* PlayNetwork.swift */ = {isa = PBXFileReference; lastKnownFileType = sourcecode.swift; path = PlayNetwork.swift; sourceTree = "<group>"; };
		86A6B2322645CF9E00F63D25 /* AlertController.swift */ = {isa = PBXFileReference; lastKnownFileType = sourcecode.swift; path = AlertController.swift; sourceTree = "<group>"; };
		86A6B2372645D13600F63D25 /* WaitingForPlayersView.swift */ = {isa = PBXFileReference; lastKnownFileType = sourcecode.swift; path = WaitingForPlayersView.swift; sourceTree = "<group>"; };
		86AC2CF926438D50002D23E0 /* EntityPlacer.swift */ = {isa = PBXFileReference; lastKnownFileType = sourcecode.swift; path = EntityPlacer.swift; sourceTree = "<group>"; };
		86AC2CFC264394E1002D23E0 /* MapLocationHelper.swift */ = {isa = PBXFileReference; lastKnownFileType = sourcecode.swift; path = MapLocationHelper.swift; sourceTree = "<group>"; };
		86AC2D00264466C1002D23E0 /* WarriorCard.swift */ = {isa = PBXFileReference; lastKnownFileType = sourcecode.swift; path = WarriorCard.swift; sourceTree = "<group>"; };
		86AEA385264B9F6B008660DE /* PingTestViewController.swift */ = {isa = PBXFileReference; lastKnownFileType = sourcecode.swift; path = PingTestViewController.swift; sourceTree = "<group>"; };
		86B126F42645EAFA000DCB61 /* PlayNetworkHelper.swift */ = {isa = PBXFileReference; lastKnownFileType = sourcecode.swift; path = PlayNetworkHelper.swift; sourceTree = "<group>"; };
		86B126F62645FB39000DCB61 /* OrderQueue.swift */ = {isa = PBXFileReference; lastKnownFileType = sourcecode.swift; path = OrderQueue.swift; sourceTree = "<group>"; };
		86FEAF7E26434EA40084BFF1 /* CelledTextureLayer.swift */ = {isa = PBXFileReference; lastKnownFileType = sourcecode.swift; path = CelledTextureLayer.swift; sourceTree = "<group>"; };
/* End PBXFileReference section */

/* Begin PBXFrameworksBuildPhase section */
		864465AC26191CF2000851FC /* Frameworks */ = {
			isa = PBXFrameworksBuildPhase;
			buildActionMask = 2147483647;
			files = (
			);
			runOnlyForDeploymentPostprocessing = 0;
		};
/* End PBXFrameworksBuildPhase section */

/* Begin PBXGroup section */
		861D4C1B26419AE40091C242 /* Subviews */ = {
			isa = PBXGroup;
			children = (
				861D4C1C26419B020091C242 /* CardDockView.swift */,
				861D4C1F26419C020091C242 /* CardView.swift */,
				86A6B2352645D11E00F63D25 /* Alerts */,
				8617536E264B018E00C9EB8F /* DebugView.swift */,
			);
			path = Subviews;
			sourceTree = "<group>";
		};
		862E3437264473E8005E3F11 /* Entities */ = {
			isa = PBXGroup;
			children = (
				862E343426447331005E3F11 /* Entity.swift */,
				862E3438264473FD005E3F11 /* WarriorEntity.swift */,
			);
			path = Entities;
			sourceTree = "<group>";
		};
		864465A626191CF2000851FC = {
			isa = PBXGroup;
			children = (
				864465B126191CF2000851FC /* Island Hopper */,
				864465B026191CF2000851FC /* Products */,
			);
			sourceTree = "<group>";
		};
		864465B026191CF2000851FC /* Products */ = {
			isa = PBXGroup;
			children = (
				864465AF26191CF2000851FC /* Island Hopper.app */,
			);
			name = Products;
			sourceTree = "<group>";
		};
		864465B126191CF2000851FC /* Island Hopper */ = {
			isa = PBXGroup;
			children = (
				8644662A26195420000851FC /* Core */,
				8644661D26192E68000851FC /* Engine */,
				864465CC26191EB8000851FC /* Storyboards */,
				864465CE26191F2E000851FC /* View Controllers */,
				864465E2261920EE000851FC /* Helpers */,
				864465D226191FB3000851FC /* Extensions */,
				864465C726191E6F000851FC /* Resources */,
			);
			path = "Island Hopper";
			sourceTree = "<group>";
		};
		864465C726191E6F000851FC /* Resources */ = {
			isa = PBXGroup;
			children = (
				864465D626192094000851FC /* Fonts */,
				864465B226191CF2000851FC /* AppDelegate.swift */,
				864465BB26191CF3000851FC /* Assets.xcassets */,
				864465C026191CF3000851FC /* Info.plist */,
			);
			path = Resources;
			sourceTree = "<group>";
		};
		864465CC26191EB8000851FC /* Storyboards */ = {
			isa = PBXGroup;
			children = (
				864465BD26191CF3000851FC /* LaunchScreen.storyboard */,
			);
			path = Storyboards;
			sourceTree = "<group>";
		};
		864465CE26191F2E000851FC /* View Controllers */ = {
			isa = PBXGroup;
			children = (
				86AEA384264B9F49008660DE /* Ping Test */,
				866894622623CC31006B6B21 /* Select Map */,
				866894612623CC28006B6B21 /* Play Map */,
				864465CF26191F4E000851FC /* InitialViewController.swift */,
				8644662C26195486000851FC /* Edit Map */,
			);
			path = "View Controllers";
			sourceTree = "<group>";
		};
		864465D226191FB3000851FC /* Extensions */ = {
			isa = PBXGroup;
			children = (
				864465D326191FBF000851FC /* UIColor.swift */,
			);
			path = Extensions;
			sourceTree = "<group>";
		};
		864465D626192094000851FC /* Fonts */ = {
			isa = PBXGroup;
			children = (
				864465D7261920B0000851FC /* Roboto-Black.ttf */,
				864465D9261920B1000851FC /* Roboto-Bold.ttf */,
				864465DB261920B1000851FC /* Roboto-Light.ttf */,
				864465D8261920B0000851FC /* Roboto-Medium.ttf */,
				864465DA261920B1000851FC /* Roboto-Regular.ttf */,
			);
			path = Fonts;
			sourceTree = "<group>";
		};
		864465E2261920EE000851FC /* Helpers */ = {
			isa = PBXGroup;
			children = (
				864465E3261920F8000851FC /* Text.swift */,
				864465E926192237000851FC /* Layout.swift */,
				8668945A2623B31E006B6B21 /* Global Enums.swift */,
			);
			path = Helpers;
			sourceTree = "<group>";
		};
		864465F126192E46000851FC /* Chunk Editor */ = {
			isa = PBXGroup;
			children = (
				864465F226192E46000851FC /* ChunkEditorView.swift */,
				864465F326192E46000851FC /* ChunkFadeEditor.swift */,
				864465F426192E46000851FC /* ChunkSeedEditor.swift */,
			);
			path = "Chunk Editor";
			sourceTree = "<group>";
		};
		864465F826192E46000851FC /* Library */ = {
			isa = PBXGroup;
			children = (
				864465FB26192E46000851FC /* PipelineStateLibrary.swift */,
				864465F926192E46000851FC /* PipelineDescriptorLibrary.swift */,
				864465FA26192E46000851FC /* ShaderLibrary.swift */,
			);
			path = Library;
			sourceTree = "<group>";
		};
		864465FF26192E46000851FC /* Map */ = {
			isa = PBXGroup;
			children = (
				8644660026192E46000851FC /* EditMapLayer.swift */,
				8644660126192E46000851FC /* EditMapLayerMapTerrianGeneration.swift */,
			);
			path = Map;
			sourceTree = "<group>";
		};
		8644660326192E46000851FC /* Texture */ = {
			isa = PBXGroup;
			children = (
			);
			path = Texture;
			sourceTree = "<group>";
		};
		8644661D26192E68000851FC /* Engine */ = {
			isa = PBXGroup;
			children = (
				86A40C9C261A8E3100481FEF /* Shaders */,
				86A40C93261A8C5500481FEF /* RenderLayers */,
				8644662126195242000851FC /* GraphicsEngine.swift */,
				8644660526192E46000851FC /* Engine.swift */,
				86A40C8C26197E4700481FEF /* EngineTouchController.swift */,
				864465F826192E46000851FC /* Library */,
			);
			path = Engine;
			sourceTree = "<group>";
		};
		8644662A26195420000851FC /* Core */ = {
			isa = PBXGroup;
			children = (
				864466272619540A000851FC /* Types.swift */,
			);
			path = Core;
			sourceTree = "<group>";
		};
		8644662C26195486000851FC /* Edit Map */ = {
			isa = PBXGroup;
			children = (
				864465ED26192A04000851FC /* EditMapViewController.swift */,
				864465F526192E46000851FC /* MapEditorView.swift */,
				8644660826192E46000851FC /* MapEditorController.swift */,
				864465F126192E46000851FC /* Chunk Editor */,
			);
			path = "Edit Map";
			sourceTree = "<group>";
		};
		866894612623CC28006B6B21 /* Play Map */ = {
			isa = PBXGroup;
			children = (
				8668946926252955006B6B21 /* PlayViewController.swift */,
				8668946C26252B9D006B6B21 /* Play Map */,
				86689479262537ED006B6B21 /* Render Layers */,
			);
			path = "Play Map";
			sourceTree = "<group>";
		};
		866894622623CC31006B6B21 /* Select Map */ = {
			isa = PBXGroup;
			children = (
				866894632623CC3F006B6B21 /* SelectMapViewController.swift */,
				866894662623CE8E006B6B21 /* SelectMapButton.swift */,
			);
			path = "Select Map";
			sourceTree = "<group>";
		};
		8668946C26252B9D006B6B21 /* Play Map */ = {
			isa = PBXGroup;
			children = (
				86A6B22C264484D900F63D25 /* Networking */,
				862E3437264473E8005E3F11 /* Entities */,
				86AC2CFF264466A4002D23E0 /* Cards */,
				861D4C1B26419AE40091C242 /* Subviews */,
				8668946D26252BB1006B6B21 /* PlayMapView.swift */,
				8668947026252C79006B6B21 /* PlayController.swift */,
				866894742625315A006B6B21 /* Map.swift */,
				86AC2CF926438D50002D23E0 /* EntityPlacer.swift */,
				86AC2CFC264394E1002D23E0 /* MapLocationHelper.swift */,
				862E3431264471A8005E3F11 /* EntityController.swift */,
			);
			path = "Play Map";
			sourceTree = "<group>";
		};
		86689479262537ED006B6B21 /* Render Layers */ = {
			isa = PBXGroup;
			children = (
				86FEAF7E26434EA40084BFF1 /* CelledTextureLayer.swift */,
				8684051A2632926E000F3845 /* TileHelper.swift */,
				8668947A2625382B006B6B21 /* MapLayer.swift */,
			);
			path = "Render Layers";
			sourceTree = "<group>";
		};
		86A40C93261A8C5500481FEF /* RenderLayers */ = {
			isa = PBXGroup;
			children = (
				8644660226192E46000851FC /* RenderLayer.swift */,
				864465FE26192E46000851FC /* GridLayer.swift */,
				864465FF26192E46000851FC /* Map */,
				8644660326192E46000851FC /* Texture */,
			);
			path = RenderLayers;
			sourceTree = "<group>";
		};
		86A40C9C261A8E3100481FEF /* Shaders */ = {
			isa = PBXGroup;
			children = (
				8644660726192E46000851FC /* Shaders.metal */,
			);
			path = Shaders;
			sourceTree = "<group>";
		};
		86A6B22C264484D900F63D25 /* Networking */ = {
			isa = PBXGroup;
			children = (
				86A6B22D264484F300F63D25 /* PlayNetwork.swift */,
				86B126F42645EAFA000DCB61 /* PlayNetworkHelper.swift */,
				86B126F62645FB39000DCB61 /* OrderQueue.swift */,
			);
			path = Networking;
			sourceTree = "<group>";
		};
		86A6B2352645D11E00F63D25 /* Alerts */ = {
			isa = PBXGroup;
			children = (
				86A6B2322645CF9E00F63D25 /* AlertController.swift */,
				86A6B2372645D13600F63D25 /* WaitingForPlayersView.swift */,
			);
			path = Alerts;
			sourceTree = "<group>";
		};
		86AC2CFF264466A4002D23E0 /* Cards */ = {
			isa = PBXGroup;
			children = (
				861D4C222641B20C0091C242 /* Card.swift */,
				86AC2D00264466C1002D23E0 /* WarriorCard.swift */,
			);
			path = Cards;
			sourceTree = "<group>";
		};
		86AEA384264B9F49008660DE /* Ping Test */ = {
			isa = PBXGroup;
			children = (
				86AEA385264B9F6B008660DE /* PingTestViewController.swift */,
			);
			path = "Ping Test";
			sourceTree = "<group>";
		};
/* End PBXGroup section */

/* Begin PBXNativeTarget section */
		864465AE26191CF2000851FC /* Island Hopper */ = {
			isa = PBXNativeTarget;
			buildConfigurationList = 864465C326191CF3000851FC /* Build configuration list for PBXNativeTarget "Island Hopper" */;
			buildPhases = (
				864465AB26191CF2000851FC /* Sources */,
				864465AC26191CF2000851FC /* Frameworks */,
				864465AD26191CF2000851FC /* Resources */,
			);
			buildRules = (
			);
			dependencies = (
			);
			name = "Island Hopper";
			productName = "Island Hopper";
			productReference = 864465AF26191CF2000851FC /* Island Hopper.app */;
			productType = "com.apple.product-type.application";
		};
/* End PBXNativeTarget section */

/* Begin PBXProject section */
		864465A726191CF2000851FC /* Project object */ = {
			isa = PBXProject;
			attributes = {
				LastSwiftUpdateCheck = 1240;
				LastUpgradeCheck = 1240;
				TargetAttributes = {
					864465AE26191CF2000851FC = {
						CreatedOnToolsVersion = 12.4;
					};
				};
			};
			buildConfigurationList = 864465AA26191CF2000851FC /* Build configuration list for PBXProject "Island Hopper" */;
			compatibilityVersion = "Xcode 9.3";
			developmentRegion = en;
			hasScannedForEncodings = 0;
			knownRegions = (
				en,
				Base,
			);
			mainGroup = 864465A626191CF2000851FC;
			productRefGroup = 864465B026191CF2000851FC /* Products */;
			projectDirPath = "";
			projectRoot = "";
			targets = (
				864465AE26191CF2000851FC /* Island Hopper */,
			);
		};
/* End PBXProject section */

/* Begin PBXResourcesBuildPhase section */
		864465AD26191CF2000851FC /* Resources */ = {
			isa = PBXResourcesBuildPhase;
			buildActionMask = 2147483647;
			files = (
				864465DF261920B1000851FC /* Roboto-Regular.ttf in Resources */,
				864465DD261920B1000851FC /* Roboto-Medium.ttf in Resources */,
				864465BF26191CF3000851FC /* LaunchScreen.storyboard in Resources */,
				864465DE261920B1000851FC /* Roboto-Bold.ttf in Resources */,
				864465E0261920B1000851FC /* Roboto-Light.ttf in Resources */,
				864465BC26191CF3000851FC /* Assets.xcassets in Resources */,
				864465DC261920B1000851FC /* Roboto-Black.ttf in Resources */,
			);
			runOnlyForDeploymentPostprocessing = 0;
		};
/* End PBXResourcesBuildPhase section */

/* Begin PBXSourcesBuildPhase section */
		864465AB26191CF2000851FC /* Sources */ = {
			isa = PBXSourcesBuildPhase;
			buildActionMask = 2147483647;
			files = (
				866894672623CE8E006B6B21 /* SelectMapButton.swift in Sources */,
				86AEA386264B9F6B008660DE /* PingTestViewController.swift in Sources */,
				8644660B26192E46000851FC /* ChunkFadeEditor.swift in Sources */,
				864465B326191CF2000851FC /* AppDelegate.swift in Sources */,
				8644660A26192E46000851FC /* ChunkEditorView.swift in Sources */,
				86AC2D01264466C1002D23E0 /* WarriorCard.swift in Sources */,
				86A6B2382645D13600F63D25 /* WaitingForPlayersView.swift in Sources */,
				861D4C2026419C020091C242 /* CardView.swift in Sources */,
				86FEAF7F26434EA40084BFF1 /* CelledTextureLayer.swift in Sources */,
				8644660F26192E46000851FC /* PipelineDescriptorLibrary.swift in Sources */,
				86A6B2332645CF9E00F63D25 /* AlertController.swift in Sources */,
				86B126F52645EAFA000DCB61 /* PlayNetworkHelper.swift in Sources */,
				8644661326192E46000851FC /* GridLayer.swift in Sources */,
				8617536F264B018E00C9EB8F /* DebugView.swift in Sources */,
				86B126F72645FB39000DCB61 /* OrderQueue.swift in Sources */,
				866894752625315A006B6B21 /* Map.swift in Sources */,
				8644660C26192E46000851FC /* ChunkSeedEditor.swift in Sources */,
				864465D426191FBF000851FC /* UIColor.swift in Sources */,
				8668947126252C79006B6B21 /* PlayController.swift in Sources */,
				861D4C1D26419B020091C242 /* CardDockView.swift in Sources */,
				8668946E26252BB1006B6B21 /* PlayMapView.swift in Sources */,
				8644661A26192E46000851FC /* MapEditorController.swift in Sources */,
				8684051B2632926E000F3845 /* TileHelper.swift in Sources */,
				8644661826192E46000851FC /* Engine.swift in Sources */,
				862E3432264471A8005E3F11 /* EntityController.swift in Sources */,
				86A40C8D26197E4700481FEF /* EngineTouchController.swift in Sources */,
				862E343526447331005E3F11 /* Entity.swift in Sources */,
				8644662226195242000851FC /* GraphicsEngine.swift in Sources */,
				8644661426192E46000851FC /* EditMapLayer.swift in Sources */,
				861D4C232641B20C0091C242 /* Card.swift in Sources */,
				8644661026192E46000851FC /* ShaderLibrary.swift in Sources */,
				8668946A26252955006B6B21 /* PlayViewController.swift in Sources */,
				864465EA26192237000851FC /* Layout.swift in Sources */,
				86A6B22E264484F300F63D25 /* PlayNetwork.swift in Sources */,
				8644661126192E46000851FC /* PipelineStateLibrary.swift in Sources */,
				8668947B2625382B006B6B21 /* MapLayer.swift in Sources */,
				866894642623CC3F006B6B21 /* SelectMapViewController.swift in Sources */,
				86AC2CFD264394E1002D23E0 /* MapLocationHelper.swift in Sources */,
				8644660D26192E46000851FC /* MapEditorView.swift in Sources */,
				864465E4261920F8000851FC /* Text.swift in Sources */,
				864465D026191F4E000851FC /* InitialViewController.swift in Sources */,
				864465EE26192A04000851FC /* EditMapViewController.swift in Sources */,
				8668945B2623B31E006B6B21 /* Global Enums.swift in Sources */,
				864466282619540A000851FC /* Types.swift in Sources */,
				8644661926192E46000851FC /* Shaders.metal in Sources */,
				8644661526192E46000851FC /* EditMapLayerMapTerrianGeneration.swift in Sources */,
				862E3439264473FD005E3F11 /* WarriorEntity.swift in Sources */,
				86AC2CFA26438D51002D23E0 /* EntityPlacer.swift in Sources */,
				8644661626192E46000851FC /* RenderLayer.swift in Sources */,
			);
			runOnlyForDeploymentPostprocessing = 0;
		};
/* End PBXSourcesBuildPhase section */

/* Begin PBXVariantGroup section */
		864465BD26191CF3000851FC /* LaunchScreen.storyboard */ = {
			isa = PBXVariantGroup;
			children = (
				864465BE26191CF3000851FC /* Base */,
			);
			name = LaunchScreen.storyboard;
			sourceTree = "<group>";
		};
/* End PBXVariantGroup section */

/* Begin XCBuildConfiguration section */
		864465C126191CF3000851FC /* Debug */ = {
			isa = XCBuildConfiguration;
			buildSettings = {
				ALWAYS_SEARCH_USER_PATHS = NO;
				CLANG_ANALYZER_NONNULL = YES;
				CLANG_ANALYZER_NUMBER_OBJECT_CONVERSION = YES_AGGRESSIVE;
				CLANG_CXX_LANGUAGE_STANDARD = "gnu++14";
				CLANG_CXX_LIBRARY = "libc++";
				CLANG_ENABLE_MODULES = YES;
				CLANG_ENABLE_OBJC_ARC = YES;
				CLANG_ENABLE_OBJC_WEAK = YES;
				CLANG_WARN_BLOCK_CAPTURE_AUTORELEASING = YES;
				CLANG_WARN_BOOL_CONVERSION = YES;
				CLANG_WARN_COMMA = YES;
				CLANG_WARN_CONSTANT_CONVERSION = YES;
				CLANG_WARN_DEPRECATED_OBJC_IMPLEMENTATIONS = YES;
				CLANG_WARN_DIRECT_OBJC_ISA_USAGE = YES_ERROR;
				CLANG_WARN_DOCUMENTATION_COMMENTS = YES;
				CLANG_WARN_EMPTY_BODY = YES;
				CLANG_WARN_ENUM_CONVERSION = YES;
				CLANG_WARN_INFINITE_RECURSION = YES;
				CLANG_WARN_INT_CONVERSION = YES;
				CLANG_WARN_NON_LITERAL_NULL_CONVERSION = YES;
				CLANG_WARN_OBJC_IMPLICIT_RETAIN_SELF = YES;
				CLANG_WARN_OBJC_LITERAL_CONVERSION = YES;
				CLANG_WARN_OBJC_ROOT_CLASS = YES_ERROR;
				CLANG_WARN_QUOTED_INCLUDE_IN_FRAMEWORK_HEADER = YES;
				CLANG_WARN_RANGE_LOOP_ANALYSIS = YES;
				CLANG_WARN_STRICT_PROTOTYPES = YES;
				CLANG_WARN_SUSPICIOUS_MOVE = YES;
				CLANG_WARN_UNGUARDED_AVAILABILITY = YES_AGGRESSIVE;
				CLANG_WARN_UNREACHABLE_CODE = YES;
				CLANG_WARN__DUPLICATE_METHOD_MATCH = YES;
				COPY_PHASE_STRIP = NO;
				DEBUG_INFORMATION_FORMAT = dwarf;
				ENABLE_STRICT_OBJC_MSGSEND = YES;
				ENABLE_TESTABILITY = YES;
				GCC_C_LANGUAGE_STANDARD = gnu11;
				GCC_DYNAMIC_NO_PIC = NO;
				GCC_NO_COMMON_BLOCKS = YES;
				GCC_OPTIMIZATION_LEVEL = 0;
				GCC_PREPROCESSOR_DEFINITIONS = (
					"DEBUG=1",
					"$(inherited)",
				);
				GCC_WARN_64_TO_32_BIT_CONVERSION = YES;
				GCC_WARN_ABOUT_RETURN_TYPE = YES_ERROR;
				GCC_WARN_UNDECLARED_SELECTOR = YES;
				GCC_WARN_UNINITIALIZED_AUTOS = YES_AGGRESSIVE;
				GCC_WARN_UNUSED_FUNCTION = YES;
				GCC_WARN_UNUSED_VARIABLE = YES;
				IPHONEOS_DEPLOYMENT_TARGET = 12.1;
				MTL_ENABLE_DEBUG_INFO = INCLUDE_SOURCE;
				MTL_FAST_MATH = YES;
				ONLY_ACTIVE_ARCH = YES;
				SDKROOT = iphoneos;
				SWIFT_ACTIVE_COMPILATION_CONDITIONS = DEBUG;
				SWIFT_OPTIMIZATION_LEVEL = "-Onone";
			};
			name = Debug;
		};
		864465C226191CF3000851FC /* Release */ = {
			isa = XCBuildConfiguration;
			buildSettings = {
				ALWAYS_SEARCH_USER_PATHS = NO;
				CLANG_ANALYZER_NONNULL = YES;
				CLANG_ANALYZER_NUMBER_OBJECT_CONVERSION = YES_AGGRESSIVE;
				CLANG_CXX_LANGUAGE_STANDARD = "gnu++14";
				CLANG_CXX_LIBRARY = "libc++";
				CLANG_ENABLE_MODULES = YES;
				CLANG_ENABLE_OBJC_ARC = YES;
				CLANG_ENABLE_OBJC_WEAK = YES;
				CLANG_WARN_BLOCK_CAPTURE_AUTORELEASING = YES;
				CLANG_WARN_BOOL_CONVERSION = YES;
				CLANG_WARN_COMMA = YES;
				CLANG_WARN_CONSTANT_CONVERSION = YES;
				CLANG_WARN_DEPRECATED_OBJC_IMPLEMENTATIONS = YES;
				CLANG_WARN_DIRECT_OBJC_ISA_USAGE = YES_ERROR;
				CLANG_WARN_DOCUMENTATION_COMMENTS = YES;
				CLANG_WARN_EMPTY_BODY = YES;
				CLANG_WARN_ENUM_CONVERSION = YES;
				CLANG_WARN_INFINITE_RECURSION = YES;
				CLANG_WARN_INT_CONVERSION = YES;
				CLANG_WARN_NON_LITERAL_NULL_CONVERSION = YES;
				CLANG_WARN_OBJC_IMPLICIT_RETAIN_SELF = YES;
				CLANG_WARN_OBJC_LITERAL_CONVERSION = YES;
				CLANG_WARN_OBJC_ROOT_CLASS = YES_ERROR;
				CLANG_WARN_QUOTED_INCLUDE_IN_FRAMEWORK_HEADER = YES;
				CLANG_WARN_RANGE_LOOP_ANALYSIS = YES;
				CLANG_WARN_STRICT_PROTOTYPES = YES;
				CLANG_WARN_SUSPICIOUS_MOVE = YES;
				CLANG_WARN_UNGUARDED_AVAILABILITY = YES_AGGRESSIVE;
				CLANG_WARN_UNREACHABLE_CODE = YES;
				CLANG_WARN__DUPLICATE_METHOD_MATCH = YES;
				COPY_PHASE_STRIP = NO;
				DEBUG_INFORMATION_FORMAT = "dwarf-with-dsym";
				ENABLE_NS_ASSERTIONS = NO;
				ENABLE_STRICT_OBJC_MSGSEND = YES;
				GCC_C_LANGUAGE_STANDARD = gnu11;
				GCC_NO_COMMON_BLOCKS = YES;
				GCC_WARN_64_TO_32_BIT_CONVERSION = YES;
				GCC_WARN_ABOUT_RETURN_TYPE = YES_ERROR;
				GCC_WARN_UNDECLARED_SELECTOR = YES;
				GCC_WARN_UNINITIALIZED_AUTOS = YES_AGGRESSIVE;
				GCC_WARN_UNUSED_FUNCTION = YES;
				GCC_WARN_UNUSED_VARIABLE = YES;
				IPHONEOS_DEPLOYMENT_TARGET = 12.1;
				MTL_ENABLE_DEBUG_INFO = NO;
				MTL_FAST_MATH = YES;
				SDKROOT = iphoneos;
				SWIFT_COMPILATION_MODE = wholemodule;
				SWIFT_OPTIMIZATION_LEVEL = "-O";
				VALIDATE_PRODUCT = YES;
			};
			name = Release;
		};
		864465C426191CF3000851FC /* Debug */ = {
			isa = XCBuildConfiguration;
			buildSettings = {
				ASSETCATALOG_COMPILER_APPICON_NAME = AppIcon;
				ASSETCATALOG_COMPILER_GLOBAL_ACCENT_COLOR_NAME = AccentColor;
				CODE_SIGN_STYLE = Automatic;
				DEVELOPMENT_TEAM = 2WP5X762NJ;
				INFOPLIST_FILE = "Island Hopper/Resources/Info.plist";
				IPHONEOS_DEPLOYMENT_TARGET = 13.0;
				LD_RUNPATH_SEARCH_PATHS = (
					"$(inherited)",
					"@executable_path/Frameworks",
				);
				PRODUCT_BUNDLE_IDENTIFIER = "jax.Island-Hopper";
				PRODUCT_NAME = "$(TARGET_NAME)";
				SWIFT_VERSION = 5.0;
				TARGETED_DEVICE_FAMILY = "1,2";
			};
			name = Debug;
		};
		864465C526191CF3000851FC /* Release */ = {
			isa = XCBuildConfiguration;
			buildSettings = {
				ASSETCATALOG_COMPILER_APPICON_NAME = AppIcon;
				ASSETCATALOG_COMPILER_GLOBAL_ACCENT_COLOR_NAME = AccentColor;
				CODE_SIGN_STYLE = Automatic;
				DEVELOPMENT_TEAM = 2WP5X762NJ;
				INFOPLIST_FILE = "Island Hopper/Resources/Info.plist";
				IPHONEOS_DEPLOYMENT_TARGET = 13.0;
				LD_RUNPATH_SEARCH_PATHS = (
					"$(inherited)",
					"@executable_path/Frameworks",
				);
				PRODUCT_BUNDLE_IDENTIFIER = "jax.Island-Hopper";
				PRODUCT_NAME = "$(TARGET_NAME)";
				SWIFT_VERSION = 5.0;
				TARGETED_DEVICE_FAMILY = "1,2";
			};
			name = Release;
		};
/* End XCBuildConfiguration section */

/* Begin XCConfigurationList section */
		864465AA26191CF2000851FC /* Build configuration list for PBXProject "Island Hopper" */ = {
			isa = XCConfigurationList;
			buildConfigurations = (
				864465C126191CF3000851FC /* Debug */,
				864465C226191CF3000851FC /* Release */,
			);
			defaultConfigurationIsVisible = 0;
			defaultConfigurationName = Release;
		};
		864465C326191CF3000851FC /* Build configuration list for PBXNativeTarget "Island Hopper" */ = {
			isa = XCConfigurationList;
			buildConfigurations = (
				864465C426191CF3000851FC /* Debug */,
				864465C526191CF3000851FC /* Release */,
			);
			defaultConfigurationIsVisible = 0;
			defaultConfigurationName = Release;
		};
/* End XCConfigurationList section */
	};
	rootObject = 864465A726191CF2000851FC /* Project object */;
}
