// !$*UTF8*$!
{
	archiveVersion = 1;
	classes = {
	};
	objectVersion = 50;
	objects = {

/* Begin PBXBuildFile section */
		8607379225856D5F005E32AA /* Engine1.swift in Sources */ = {isa = PBXBuildFile; fileRef = 8607379125856D5F005E32AA /* Engine1.swift */; };
		8613A7B425802DE20004425B /* Data Structures.swift in Sources */ = {isa = PBXBuildFile; fileRef = 8613A7B325802DE20004425B /* Data Structures.swift */; };
		864E267625F05DDD003F02E5 /* GameView3.swift in Sources */ = {isa = PBXBuildFile; fileRef = 864E267525F05DDD003F02E5 /* GameView3.swift */; };
		864E267925F05DE6003F02E5 /* Test3.swift in Sources */ = {isa = PBXBuildFile; fileRef = 864E267825F05DE6003F02E5 /* Test3.swift */; };
		864E267C25F05DFE003F02E5 /* Test3.metal in Sources */ = {isa = PBXBuildFile; fileRef = 864E267B25F05DFE003F02E5 /* Test3.metal */; };
		864E267F25F05E08003F02E5 /* Engine3.swift in Sources */ = {isa = PBXBuildFile; fileRef = 864E267E25F05E08003F02E5 /* Engine3.swift */; };
		8650B10C25F0383B00B211E1 /* Types.swift in Sources */ = {isa = PBXBuildFile; fileRef = 8650B10B25F0383B00B211E1 /* Types.swift */; };
		8650B10F25F0386700B211E1 /* Engine2.swift in Sources */ = {isa = PBXBuildFile; fileRef = 8650B10E25F0386700B211E1 /* Engine2.swift */; };
		8650B11225F0388D00B211E1 /* Preferences.swift in Sources */ = {isa = PBXBuildFile; fileRef = 8650B11125F0388D00B211E1 /* Preferences.swift */; };
		8650B11525F038A900B211E1 /* Math.swift in Sources */ = {isa = PBXBuildFile; fileRef = 8650B11425F038A900B211E1 /* Math.swift */; };
		8650B11D25F0395E00B211E1 /* RenderPipelineDescriptorLibrary.swift in Sources */ = {isa = PBXBuildFile; fileRef = 8650B11825F0395E00B211E1 /* RenderPipelineDescriptorLibrary.swift */; };
		8650B11E25F0395E00B211E1 /* ShaderLibrary.swift in Sources */ = {isa = PBXBuildFile; fileRef = 8650B11925F0395E00B211E1 /* ShaderLibrary.swift */; };
		8650B11F25F0395E00B211E1 /* MeshLibrary.swift in Sources */ = {isa = PBXBuildFile; fileRef = 8650B11A25F0395E00B211E1 /* MeshLibrary.swift */; };
		8650B12025F0395E00B211E1 /* VertexDescriptorLibrary.swift in Sources */ = {isa = PBXBuildFile; fileRef = 8650B11B25F0395E00B211E1 /* VertexDescriptorLibrary.swift */; };
		8650B12125F0395E00B211E1 /* RenderPipelineStateLibrary.swift in Sources */ = {isa = PBXBuildFile; fileRef = 8650B11C25F0395E00B211E1 /* RenderPipelineStateLibrary.swift */; };
		8650B12725F0399400B211E1 /* SceneManager.swift in Sources */ = {isa = PBXBuildFile; fileRef = 8650B12525F0399400B211E1 /* SceneManager.swift */; };
		8650B12C25F039F900B211E1 /* Test2.metal in Sources */ = {isa = PBXBuildFile; fileRef = 8650B12B25F039F900B211E1 /* Test2.metal */; };
		8650B13925F03A0F00B211E1 /* Scene.swift in Sources */ = {isa = PBXBuildFile; fileRef = 8650B13125F03A0F00B211E1 /* Scene.swift */; };
		8650B13A25F03A0F00B211E1 /* SandboxScene.swift in Sources */ = {isa = PBXBuildFile; fileRef = 8650B13225F03A0F00B211E1 /* SandboxScene.swift */; };
		8650B13B25F03A0F00B211E1 /* GameObject.swift in Sources */ = {isa = PBXBuildFile; fileRef = 8650B13425F03A0F00B211E1 /* GameObject.swift */; };
		8650B13C25F03A0F00B211E1 /* Player.swift in Sources */ = {isa = PBXBuildFile; fileRef = 8650B13525F03A0F00B211E1 /* Player.swift */; };
		8650B13D25F03A0F00B211E1 /* Renderable.swift in Sources */ = {isa = PBXBuildFile; fileRef = 8650B13725F03A0F00B211E1 /* Renderable.swift */; };
		8650B13E25F03A0F00B211E1 /* Node.swift in Sources */ = {isa = PBXBuildFile; fileRef = 8650B13825F03A0F00B211E1 /* Node.swift */; };
		8650B14525F03A8E00B211E1 /* GameView2.swift in Sources */ = {isa = PBXBuildFile; fileRef = 8650B14125F03A8E00B211E1 /* GameView2.swift */; };
		8650B14725F03A8E00B211E1 /* Renderer.swift in Sources */ = {isa = PBXBuildFile; fileRef = 8650B14425F03A8E00B211E1 /* Renderer.swift */; };
		8653D94A258BF55000D9286F /* DebugView.swift in Sources */ = {isa = PBXBuildFile; fileRef = 8653D949258BF55000D9286F /* DebugView.swift */; };
		8653D94D258C3F4200D9286F /* Global Enums.swift in Sources */ = {isa = PBXBuildFile; fileRef = 8653D94C258C3F4200D9286F /* Global Enums.swift */; };
		869891A325FB438E0064F967 /* Test3TestLayer.swift in Sources */ = {isa = PBXBuildFile; fileRef = 869891A225FB438E0064F967 /* Test3TestLayer.swift */; };
		869CA4C525F17A1600CADC2F /* Test3GameController.swift in Sources */ = {isa = PBXBuildFile; fileRef = 869CA4C425F17A1600CADC2F /* Test3GameController.swift */; };
		869CA4CA25F1B23100CADC2F /* Test3RenderLayer.swift in Sources */ = {isa = PBXBuildFile; fileRef = 869CA4C925F1B23100CADC2F /* Test3RenderLayer.swift */; };
		869CA4D625F1B9F100CADC2F /* Test3PipelineStateLibrary.swift in Sources */ = {isa = PBXBuildFile; fileRef = 869CA4D525F1B9F100CADC2F /* Test3PipelineStateLibrary.swift */; };
		869CA4D925F1BA4C00CADC2F /* Test3PipelineDescriptorLibrary.swift in Sources */ = {isa = PBXBuildFile; fileRef = 869CA4D825F1BA4C00CADC2F /* Test3PipelineDescriptorLibrary.swift */; };
		869CA4E225F1CE4600CADC2F /* GraphicsDevice.swift in Sources */ = {isa = PBXBuildFile; fileRef = 869CA4E125F1CE4600CADC2F /* GraphicsDevice.swift */; };
		869CA4E525F1CFCB00CADC2F /* Test3ShaderLibrary.swift in Sources */ = {isa = PBXBuildFile; fileRef = 869CA4E425F1CFCB00CADC2F /* Test3ShaderLibrary.swift */; };
		869CA4E925F1D22000CADC2F /* Test3MapLayer.swift in Sources */ = {isa = PBXBuildFile; fileRef = 869CA4E825F1D22000CADC2F /* Test3MapLayer.swift */; };
		869CA4ED25F1D2CE00CADC2F /* Test3Types.swift in Sources */ = {isa = PBXBuildFile; fileRef = 869CA4EC25F1D2CE00CADC2F /* Test3Types.swift */; };
		869CAA7525EF08C6001BABC8 /* GameViewDebugTest.swift in Sources */ = {isa = PBXBuildFile; fileRef = 869CAA7425EF08C6001BABC8 /* GameViewDebugTest.swift */; };
		869CAA8325F03680001BABC8 /* Test2.swift in Sources */ = {isa = PBXBuildFile; fileRef = 869CAA8225F03680001BABC8 /* Test2.swift */; };
		86ADAFA2256074D600A252A5 /* AppDelegate.swift in Sources */ = {isa = PBXBuildFile; fileRef = 86ADAFA1256074D600A252A5 /* AppDelegate.swift */; };
		86ADAFAB256074D800A252A5 /* Assets.xcassets in Resources */ = {isa = PBXBuildFile; fileRef = 86ADAFAA256074D800A252A5 /* Assets.xcassets */; };
		86ADAFAE256074D800A252A5 /* LaunchScreen.storyboard in Resources */ = {isa = PBXBuildFile; fileRef = 86ADAFAC256074D800A252A5 /* LaunchScreen.storyboard */; };
		86ADAFCC256083A800A252A5 /* UIColor.swift in Sources */ = {isa = PBXBuildFile; fileRef = 86ADAFCB256083A800A252A5 /* UIColor.swift */; };
		86ADAFD0256088C500A252A5 /* Text.swift in Sources */ = {isa = PBXBuildFile; fileRef = 86ADAFCF256088C500A252A5 /* Text.swift */; };
		86ADAFD82560893900A252A5 /* Roboto-Light.ttf in Resources */ = {isa = PBXBuildFile; fileRef = 86ADAFD32560893900A252A5 /* Roboto-Light.ttf */; };
		86ADAFD92560893900A252A5 /* Roboto-Black.ttf in Resources */ = {isa = PBXBuildFile; fileRef = 86ADAFD42560893900A252A5 /* Roboto-Black.ttf */; };
		86ADAFDA2560893900A252A5 /* Roboto-Medium.ttf in Resources */ = {isa = PBXBuildFile; fileRef = 86ADAFD52560893900A252A5 /* Roboto-Medium.ttf */; };
		86ADAFDB2560893900A252A5 /* Roboto-Regular.ttf in Resources */ = {isa = PBXBuildFile; fileRef = 86ADAFD62560893900A252A5 /* Roboto-Regular.ttf */; };
		86ADAFDC2560893900A252A5 /* Roboto-Bold.ttf in Resources */ = {isa = PBXBuildFile; fileRef = 86ADAFD72560893900A252A5 /* Roboto-Bold.ttf */; };
		86D81C35258460B000A51870 /* GameView1.swift in Sources */ = {isa = PBXBuildFile; fileRef = 86D81C34258460B000A51870 /* GameView1.swift */; };
		86D81C382584615C00A51870 /* RendererShaders1.metal in Sources */ = {isa = PBXBuildFile; fileRef = 86D81C372584615C00A51870 /* RendererShaders1.metal */; };
		86D81C6D2584871500A51870 /* Float.swift in Sources */ = {isa = PBXBuildFile; fileRef = 86D81C6C2584871500A51870 /* Float.swift */; };
		86EDD3EE258043EA00B8FAD2 /* GameViewController.swift in Sources */ = {isa = PBXBuildFile; fileRef = 86EDD3ED258043EA00B8FAD2 /* GameViewController.swift */; };
		86F0706B258C7A1700ACEA14 /* Test1.swift in Sources */ = {isa = PBXBuildFile; fileRef = 86F0706A258C7A1700ACEA14 /* Test1.swift */; };
/* End PBXBuildFile section */

/* Begin PBXFileReference section */
		8607379125856D5F005E32AA /* Engine1.swift */ = {isa = PBXFileReference; lastKnownFileType = sourcecode.swift; path = Engine1.swift; sourceTree = "<group>"; };
		8613A7B325802DE20004425B /* Data Structures.swift */ = {isa = PBXFileReference; lastKnownFileType = sourcecode.swift; path = "Data Structures.swift"; sourceTree = "<group>"; };
		864E267525F05DDD003F02E5 /* GameView3.swift */ = {isa = PBXFileReference; lastKnownFileType = sourcecode.swift; path = GameView3.swift; sourceTree = "<group>"; };
		864E267825F05DE6003F02E5 /* Test3.swift */ = {isa = PBXFileReference; lastKnownFileType = sourcecode.swift; path = Test3.swift; sourceTree = "<group>"; };
		864E267B25F05DFE003F02E5 /* Test3.metal */ = {isa = PBXFileReference; lastKnownFileType = sourcecode.metal; path = Test3.metal; sourceTree = "<group>"; };
		864E267E25F05E08003F02E5 /* Engine3.swift */ = {isa = PBXFileReference; lastKnownFileType = sourcecode.swift; path = Engine3.swift; sourceTree = "<group>"; };
		8650B10B25F0383B00B211E1 /* Types.swift */ = {isa = PBXFileReference; lastKnownFileType = sourcecode.swift; path = Types.swift; sourceTree = "<group>"; };
		8650B10E25F0386700B211E1 /* Engine2.swift */ = {isa = PBXFileReference; lastKnownFileType = sourcecode.swift; path = Engine2.swift; sourceTree = "<group>"; };
		8650B11125F0388D00B211E1 /* Preferences.swift */ = {isa = PBXFileReference; lastKnownFileType = sourcecode.swift; path = Preferences.swift; sourceTree = "<group>"; };
		8650B11425F038A900B211E1 /* Math.swift */ = {isa = PBXFileReference; lastKnownFileType = sourcecode.swift; path = Math.swift; sourceTree = "<group>"; };
		8650B11825F0395E00B211E1 /* RenderPipelineDescriptorLibrary.swift */ = {isa = PBXFileReference; fileEncoding = 4; lastKnownFileType = sourcecode.swift; path = RenderPipelineDescriptorLibrary.swift; sourceTree = "<group>"; };
		8650B11925F0395E00B211E1 /* ShaderLibrary.swift */ = {isa = PBXFileReference; fileEncoding = 4; lastKnownFileType = sourcecode.swift; path = ShaderLibrary.swift; sourceTree = "<group>"; };
		8650B11A25F0395E00B211E1 /* MeshLibrary.swift */ = {isa = PBXFileReference; fileEncoding = 4; lastKnownFileType = sourcecode.swift; path = MeshLibrary.swift; sourceTree = "<group>"; };
		8650B11B25F0395E00B211E1 /* VertexDescriptorLibrary.swift */ = {isa = PBXFileReference; fileEncoding = 4; lastKnownFileType = sourcecode.swift; path = VertexDescriptorLibrary.swift; sourceTree = "<group>"; };
		8650B11C25F0395E00B211E1 /* RenderPipelineStateLibrary.swift */ = {isa = PBXFileReference; fileEncoding = 4; lastKnownFileType = sourcecode.swift; path = RenderPipelineStateLibrary.swift; sourceTree = "<group>"; };
		8650B12525F0399400B211E1 /* SceneManager.swift */ = {isa = PBXFileReference; fileEncoding = 4; lastKnownFileType = sourcecode.swift; path = SceneManager.swift; sourceTree = "<group>"; };
		8650B12B25F039F900B211E1 /* Test2.metal */ = {isa = PBXFileReference; fileEncoding = 4; lastKnownFileType = sourcecode.metal; path = Test2.metal; sourceTree = "<group>"; };
		8650B13125F03A0F00B211E1 /* Scene.swift */ = {isa = PBXFileReference; fileEncoding = 4; lastKnownFileType = sourcecode.swift; path = Scene.swift; sourceTree = "<group>"; };
		8650B13225F03A0F00B211E1 /* SandboxScene.swift */ = {isa = PBXFileReference; fileEncoding = 4; lastKnownFileType = sourcecode.swift; path = SandboxScene.swift; sourceTree = "<group>"; };
		8650B13425F03A0F00B211E1 /* GameObject.swift */ = {isa = PBXFileReference; fileEncoding = 4; lastKnownFileType = sourcecode.swift; path = GameObject.swift; sourceTree = "<group>"; };
		8650B13525F03A0F00B211E1 /* Player.swift */ = {isa = PBXFileReference; fileEncoding = 4; lastKnownFileType = sourcecode.swift; path = Player.swift; sourceTree = "<group>"; };
		8650B13725F03A0F00B211E1 /* Renderable.swift */ = {isa = PBXFileReference; fileEncoding = 4; lastKnownFileType = sourcecode.swift; path = Renderable.swift; sourceTree = "<group>"; };
		8650B13825F03A0F00B211E1 /* Node.swift */ = {isa = PBXFileReference; fileEncoding = 4; lastKnownFileType = sourcecode.swift; path = Node.swift; sourceTree = "<group>"; };
		8650B14125F03A8E00B211E1 /* GameView2.swift */ = {isa = PBXFileReference; fileEncoding = 4; lastKnownFileType = sourcecode.swift; path = GameView2.swift; sourceTree = "<group>"; };
		8650B14425F03A8E00B211E1 /* Renderer.swift */ = {isa = PBXFileReference; fileEncoding = 4; lastKnownFileType = sourcecode.swift; path = Renderer.swift; sourceTree = "<group>"; };
		8653D949258BF55000D9286F /* DebugView.swift */ = {isa = PBXFileReference; lastKnownFileType = sourcecode.swift; path = DebugView.swift; sourceTree = "<group>"; };
		8653D94C258C3F4200D9286F /* Global Enums.swift */ = {isa = PBXFileReference; lastKnownFileType = sourcecode.swift; path = "Global Enums.swift"; sourceTree = "<group>"; };
		869891A225FB438E0064F967 /* Test3TestLayer.swift */ = {isa = PBXFileReference; lastKnownFileType = sourcecode.swift; path = Test3TestLayer.swift; sourceTree = "<group>"; };
		869CA4C425F17A1600CADC2F /* Test3GameController.swift */ = {isa = PBXFileReference; lastKnownFileType = sourcecode.swift; path = Test3GameController.swift; sourceTree = "<group>"; };
		869CA4C925F1B23100CADC2F /* Test3RenderLayer.swift */ = {isa = PBXFileReference; lastKnownFileType = sourcecode.swift; path = Test3RenderLayer.swift; sourceTree = "<group>"; };
		869CA4D525F1B9F100CADC2F /* Test3PipelineStateLibrary.swift */ = {isa = PBXFileReference; lastKnownFileType = sourcecode.swift; path = Test3PipelineStateLibrary.swift; sourceTree = "<group>"; };
		869CA4D825F1BA4C00CADC2F /* Test3PipelineDescriptorLibrary.swift */ = {isa = PBXFileReference; lastKnownFileType = sourcecode.swift; path = Test3PipelineDescriptorLibrary.swift; sourceTree = "<group>"; };
		869CA4E125F1CE4600CADC2F /* GraphicsDevice.swift */ = {isa = PBXFileReference; lastKnownFileType = sourcecode.swift; path = GraphicsDevice.swift; sourceTree = "<group>"; };
		869CA4E425F1CFCB00CADC2F /* Test3ShaderLibrary.swift */ = {isa = PBXFileReference; lastKnownFileType = sourcecode.swift; path = Test3ShaderLibrary.swift; sourceTree = "<group>"; };
		869CA4E825F1D22000CADC2F /* Test3MapLayer.swift */ = {isa = PBXFileReference; fileEncoding = 4; lastKnownFileType = sourcecode.swift; path = Test3MapLayer.swift; sourceTree = "<group>"; };
		869CA4EC25F1D2CE00CADC2F /* Test3Types.swift */ = {isa = PBXFileReference; lastKnownFileType = sourcecode.swift; path = Test3Types.swift; sourceTree = "<group>"; };
		869CAA7425EF08C6001BABC8 /* GameViewDebugTest.swift */ = {isa = PBXFileReference; lastKnownFileType = sourcecode.swift; path = GameViewDebugTest.swift; sourceTree = "<group>"; };
		869CAA8225F03680001BABC8 /* Test2.swift */ = {isa = PBXFileReference; lastKnownFileType = sourcecode.swift; path = Test2.swift; sourceTree = "<group>"; };
		86ADAF9E256074D600A252A5 /* game.app */ = {isa = PBXFileReference; explicitFileType = wrapper.application; includeInIndex = 0; path = game.app; sourceTree = BUILT_PRODUCTS_DIR; };
		86ADAFA1256074D600A252A5 /* AppDelegate.swift */ = {isa = PBXFileReference; lastKnownFileType = sourcecode.swift; path = AppDelegate.swift; sourceTree = "<group>"; };
		86ADAFAA256074D800A252A5 /* Assets.xcassets */ = {isa = PBXFileReference; lastKnownFileType = folder.assetcatalog; path = Assets.xcassets; sourceTree = "<group>"; };
		86ADAFAD256074D800A252A5 /* Base */ = {isa = PBXFileReference; lastKnownFileType = file.storyboard; name = Base; path = Base.lproj/LaunchScreen.storyboard; sourceTree = "<group>"; };
		86ADAFAF256074D800A252A5 /* Info.plist */ = {isa = PBXFileReference; lastKnownFileType = text.plist.xml; path = Info.plist; sourceTree = "<group>"; };
		86ADAFCB256083A800A252A5 /* UIColor.swift */ = {isa = PBXFileReference; lastKnownFileType = sourcecode.swift; path = UIColor.swift; sourceTree = "<group>"; };
		86ADAFCF256088C500A252A5 /* Text.swift */ = {isa = PBXFileReference; lastKnownFileType = sourcecode.swift; path = Text.swift; sourceTree = "<group>"; };
		86ADAFD32560893900A252A5 /* Roboto-Light.ttf */ = {isa = PBXFileReference; lastKnownFileType = file; path = "Roboto-Light.ttf"; sourceTree = "<group>"; };
		86ADAFD42560893900A252A5 /* Roboto-Black.ttf */ = {isa = PBXFileReference; lastKnownFileType = file; path = "Roboto-Black.ttf"; sourceTree = "<group>"; };
		86ADAFD52560893900A252A5 /* Roboto-Medium.ttf */ = {isa = PBXFileReference; lastKnownFileType = file; path = "Roboto-Medium.ttf"; sourceTree = "<group>"; };
		86ADAFD62560893900A252A5 /* Roboto-Regular.ttf */ = {isa = PBXFileReference; lastKnownFileType = file; path = "Roboto-Regular.ttf"; sourceTree = "<group>"; };
		86ADAFD72560893900A252A5 /* Roboto-Bold.ttf */ = {isa = PBXFileReference; lastKnownFileType = file; path = "Roboto-Bold.ttf"; sourceTree = "<group>"; };
		86D81C34258460B000A51870 /* GameView1.swift */ = {isa = PBXFileReference; lastKnownFileType = sourcecode.swift; path = GameView1.swift; sourceTree = "<group>"; };
		86D81C372584615C00A51870 /* RendererShaders1.metal */ = {isa = PBXFileReference; lastKnownFileType = sourcecode.metal; path = RendererShaders1.metal; sourceTree = "<group>"; };
		86D81C6C2584871500A51870 /* Float.swift */ = {isa = PBXFileReference; lastKnownFileType = sourcecode.swift; path = Float.swift; sourceTree = "<group>"; };
		86EDD3ED258043EA00B8FAD2 /* GameViewController.swift */ = {isa = PBXFileReference; lastKnownFileType = sourcecode.swift; path = GameViewController.swift; sourceTree = "<group>"; };
		86F0706A258C7A1700ACEA14 /* Test1.swift */ = {isa = PBXFileReference; lastKnownFileType = sourcecode.swift; path = Test1.swift; sourceTree = "<group>"; };
/* End PBXFileReference section */

/* Begin PBXFrameworksBuildPhase section */
		86ADAF9B256074D600A252A5 /* Frameworks */ = {
			isa = PBXFrameworksBuildPhase;
			buildActionMask = 2147483647;
			files = (
			);
			runOnlyForDeploymentPostprocessing = 0;
		};
/* End PBXFrameworksBuildPhase section */

/* Begin PBXGroup section */
		864E267425F05DBE003F02E5 /* Test3 */ = {
			isa = PBXGroup;
			children = (
				864E267825F05DE6003F02E5 /* Test3.swift */,
				864E267525F05DDD003F02E5 /* GameView3.swift */,
				869CA4C425F17A1600CADC2F /* Test3GameController.swift */,
				864E267E25F05E08003F02E5 /* Engine3.swift */,
				869CA4F125F1DB9C00CADC2F /* Other */,
				869CA4D425F1B9BB00CADC2F /* Library */,
				869CA4DE25F1C40900CADC2F /* Shaders */,
				869CA4EF25F1DB7C00CADC2F /* Render Layers */,
			);
			path = Test3;
			sourceTree = "<group>";
		};
		8650B10925F0376B00B211E1 /* Math */ = {
			isa = PBXGroup;
			children = (
				8650B11425F038A900B211E1 /* Math.swift */,
			);
			path = Math;
			sourceTree = "<group>";
		};
		8650B10A25F0383200B211E1 /* Core */ = {
			isa = PBXGroup;
			children = (
				8650B10B25F0383B00B211E1 /* Types.swift */,
				8650B11125F0388D00B211E1 /* Preferences.swift */,
				869CA4E125F1CE4600CADC2F /* GraphicsDevice.swift */,
			);
			path = Core;
			sourceTree = "<group>";
		};
		8650B11725F0394A00B211E1 /* Libraries */ = {
			isa = PBXGroup;
			children = (
				8650B11A25F0395E00B211E1 /* MeshLibrary.swift */,
				8650B11825F0395E00B211E1 /* RenderPipelineDescriptorLibrary.swift */,
				8650B11C25F0395E00B211E1 /* RenderPipelineStateLibrary.swift */,
				8650B11925F0395E00B211E1 /* ShaderLibrary.swift */,
				8650B11B25F0395E00B211E1 /* VertexDescriptorLibrary.swift */,
			);
			path = Libraries;
			sourceTree = "<group>";
		};
		8650B12425F0399400B211E1 /* Managers */ = {
			isa = PBXGroup;
			children = (
				8650B12525F0399400B211E1 /* SceneManager.swift */,
			);
			path = Managers;
			sourceTree = "<group>";
		};
		8650B12A25F039F900B211E1 /* Shaders */ = {
			isa = PBXGroup;
			children = (
				8650B12B25F039F900B211E1 /* Test2.metal */,
			);
			path = Shaders;
			sourceTree = "<group>";
		};
		8650B12F25F03A0F00B211E1 /* Game Shizz */ = {
			isa = PBXGroup;
			children = (
				8650B13025F03A0F00B211E1 /* Scenes */,
				8650B13325F03A0F00B211E1 /* Game Objects */,
				8650B13625F03A0F00B211E1 /* Protocols */,
				8650B13825F03A0F00B211E1 /* Node.swift */,
				8650B12A25F039F900B211E1 /* Shaders */,
			);
			path = "Game Shizz";
			sourceTree = "<group>";
		};
		8650B13025F03A0F00B211E1 /* Scenes */ = {
			isa = PBXGroup;
			children = (
				8650B13125F03A0F00B211E1 /* Scene.swift */,
				8650B13225F03A0F00B211E1 /* SandboxScene.swift */,
			);
			path = Scenes;
			sourceTree = "<group>";
		};
		8650B13325F03A0F00B211E1 /* Game Objects */ = {
			isa = PBXGroup;
			children = (
				8650B13425F03A0F00B211E1 /* GameObject.swift */,
				8650B13525F03A0F00B211E1 /* Player.swift */,
			);
			path = "Game Objects";
			sourceTree = "<group>";
		};
		8650B13625F03A0F00B211E1 /* Protocols */ = {
			isa = PBXGroup;
			children = (
				8650B13725F03A0F00B211E1 /* Renderable.swift */,
			);
			path = Protocols;
			sourceTree = "<group>";
		};
		8650B14025F03A8E00B211E1 /* Display */ = {
			isa = PBXGroup;
			children = (
				8650B14125F03A8E00B211E1 /* GameView2.swift */,
				8650B14425F03A8E00B211E1 /* Renderer.swift */,
			);
			path = Display;
			sourceTree = "<group>";
		};
		8653D948258BF53100D9286F /* Debug */ = {
			isa = PBXGroup;
			children = (
				8653D949258BF55000D9286F /* DebugView.swift */,
				869CAA7425EF08C6001BABC8 /* GameViewDebugTest.swift */,
				864E267425F05DBE003F02E5 /* Test3 */,
				869CAA8125F03627001BABC8 /* Test2 */,
				86F07069258C7A0400ACEA14 /* Test1 */,
			);
			path = Debug;
			sourceTree = "<group>";
		};
		869CA4D425F1B9BB00CADC2F /* Library */ = {
			isa = PBXGroup;
			children = (
				869CA4D525F1B9F100CADC2F /* Test3PipelineStateLibrary.swift */,
				869CA4D825F1BA4C00CADC2F /* Test3PipelineDescriptorLibrary.swift */,
				869CA4E425F1CFCB00CADC2F /* Test3ShaderLibrary.swift */,
			);
			path = Library;
			sourceTree = "<group>";
		};
		869CA4DE25F1C40900CADC2F /* Shaders */ = {
			isa = PBXGroup;
			children = (
				864E267B25F05DFE003F02E5 /* Test3.metal */,
			);
			path = Shaders;
			sourceTree = "<group>";
		};
		869CA4EF25F1DB7C00CADC2F /* Render Layers */ = {
			isa = PBXGroup;
			children = (
				869CA4E825F1D22000CADC2F /* Test3MapLayer.swift */,
				869CA4C925F1B23100CADC2F /* Test3RenderLayer.swift */,
				869891A225FB438E0064F967 /* Test3TestLayer.swift */,
			);
			path = "Render Layers";
			sourceTree = "<group>";
		};
		869CA4F125F1DB9C00CADC2F /* Other */ = {
			isa = PBXGroup;
			children = (
				869CA4EC25F1D2CE00CADC2F /* Test3Types.swift */,
			);
			path = Other;
			sourceTree = "<group>";
		};
		869CAA8125F03627001BABC8 /* Test2 */ = {
			isa = PBXGroup;
			children = (
				8650B14025F03A8E00B211E1 /* Display */,
				8650B12F25F03A0F00B211E1 /* Game Shizz */,
				8650B12425F0399400B211E1 /* Managers */,
				8650B11725F0394A00B211E1 /* Libraries */,
				869CAA8225F03680001BABC8 /* Test2.swift */,
				8650B10E25F0386700B211E1 /* Engine2.swift */,
			);
			path = Test2;
			sourceTree = "<group>";
		};
		86ADAF95256074D600A252A5 = {
			isa = PBXGroup;
			children = (
				86ADAFA0256074D600A252A5 /* game */,
				86ADAF9F256074D600A252A5 /* Products */,
			);
			sourceTree = "<group>";
		};
		86ADAF9F256074D600A252A5 /* Products */ = {
			isa = PBXGroup;
			children = (
				86ADAF9E256074D600A252A5 /* game.app */,
			);
			name = Products;
			sourceTree = "<group>";
		};
		86ADAFA0256074D600A252A5 /* game */ = {
			isa = PBXGroup;
			children = (
				8650B10925F0376B00B211E1 /* Math */,
				8650B10A25F0383200B211E1 /* Core */,
				86ADAFBF256075A700A252A5 /* Storyboards */,
				86ADAFBB2560756200A252A5 /* Views */,
				86ADAFBE2560759500A252A5 /* Model Controllers */,
				86ADAFBD2560758D00A252A5 /* Models */,
				86ADAFC6256082A600A252A5 /* Helpers */,
				86ADAFC7256082B000A252A5 /* Extensions */,
				86ADAFB92560754A00A252A5 /* Resources */,
			);
			path = game;
			sourceTree = "<group>";
		};
		86ADAFB92560754A00A252A5 /* Resources */ = {
			isa = PBXGroup;
			children = (
				86ADAFD22560891D00A252A5 /* Fonts */,
				86ADAFA1256074D600A252A5 /* AppDelegate.swift */,
				86ADAFAA256074D800A252A5 /* Assets.xcassets */,
				86ADAFAF256074D800A252A5 /* Info.plist */,
			);
			path = Resources;
			sourceTree = "<group>";
		};
		86ADAFBB2560756200A252A5 /* Views */ = {
			isa = PBXGroup;
			children = (
				86ADAFBC2560757C00A252A5 /* View Controllers */,
				86EDD3E82580437B00B8FAD2 /* Engine */,
			);
			path = Views;
			sourceTree = "<group>";
		};
		86ADAFBC2560757C00A252A5 /* View Controllers */ = {
			isa = PBXGroup;
			children = (
				86EDD3ED258043EA00B8FAD2 /* GameViewController.swift */,
			);
			path = "View Controllers";
			sourceTree = "<group>";
		};
		86ADAFBD2560758D00A252A5 /* Models */ = {
			isa = PBXGroup;
			children = (
			);
			path = Models;
			sourceTree = "<group>";
		};
		86ADAFBE2560759500A252A5 /* Model Controllers */ = {
			isa = PBXGroup;
			children = (
			);
			path = "Model Controllers";
			sourceTree = "<group>";
		};
		86ADAFBF256075A700A252A5 /* Storyboards */ = {
			isa = PBXGroup;
			children = (
				86ADAFAC256074D800A252A5 /* LaunchScreen.storyboard */,
			);
			path = Storyboards;
			sourceTree = "<group>";
		};
		86ADAFC6256082A600A252A5 /* Helpers */ = {
			isa = PBXGroup;
			children = (
				86ADAFCF256088C500A252A5 /* Text.swift */,
				8653D94C258C3F4200D9286F /* Global Enums.swift */,
			);
			path = Helpers;
			sourceTree = "<group>";
		};
		86ADAFC7256082B000A252A5 /* Extensions */ = {
			isa = PBXGroup;
			children = (
				86ADAFCB256083A800A252A5 /* UIColor.swift */,
				86D81C6C2584871500A51870 /* Float.swift */,
			);
			path = Extensions;
			sourceTree = "<group>";
		};
		86ADAFD22560891D00A252A5 /* Fonts */ = {
			isa = PBXGroup;
			children = (
				86ADAFD42560893900A252A5 /* Roboto-Black.ttf */,
				86ADAFD72560893900A252A5 /* Roboto-Bold.ttf */,
				86ADAFD32560893900A252A5 /* Roboto-Light.ttf */,
				86ADAFD52560893900A252A5 /* Roboto-Medium.ttf */,
				86ADAFD62560893900A252A5 /* Roboto-Regular.ttf */,
			);
			path = Fonts;
			sourceTree = "<group>";
		};
		86EDD3E82580437B00B8FAD2 /* Engine */ = {
			isa = PBXGroup;
			children = (
				8613A7B325802DE20004425B /* Data Structures.swift */,
				8653D948258BF53100D9286F /* Debug */,
			);
			path = Engine;
			sourceTree = "<group>";
		};
		86F07069258C7A0400ACEA14 /* Test1 */ = {
			isa = PBXGroup;
			children = (
				86D81C34258460B000A51870 /* GameView1.swift */,
				86F0706A258C7A1700ACEA14 /* Test1.swift */,
				8607379125856D5F005E32AA /* Engine1.swift */,
				86D81C372584615C00A51870 /* RendererShaders1.metal */,
			);
			path = Test1;
			sourceTree = "<group>";
		};
/* End PBXGroup section */

/* Begin PBXNativeTarget section */
		86ADAF9D256074D600A252A5 /* game */ = {
			isa = PBXNativeTarget;
			buildConfigurationList = 86ADAFB2256074D800A252A5 /* Build configuration list for PBXNativeTarget "game" */;
			buildPhases = (
				86ADAF9A256074D600A252A5 /* Sources */,
				86ADAF9B256074D600A252A5 /* Frameworks */,
				86ADAF9C256074D600A252A5 /* Resources */,
			);
			buildRules = (
			);
			dependencies = (
			);
			name = game;
			productName = game;
			productReference = 86ADAF9E256074D600A252A5 /* game.app */;
			productType = "com.apple.product-type.application";
		};
/* End PBXNativeTarget section */

/* Begin PBXProject section */
		86ADAF96256074D600A252A5 /* Project object */ = {
			isa = PBXProject;
			attributes = {
				LastSwiftUpdateCheck = 1220;
				LastUpgradeCheck = 1220;
				TargetAttributes = {
					86ADAF9D256074D600A252A5 = {
						CreatedOnToolsVersion = 12.2;
					};
				};
			};
			buildConfigurationList = 86ADAF99256074D600A252A5 /* Build configuration list for PBXProject "game" */;
			compatibilityVersion = "Xcode 9.3";
			developmentRegion = en;
			hasScannedForEncodings = 0;
			knownRegions = (
				en,
				Base,
			);
			mainGroup = 86ADAF95256074D600A252A5;
			productRefGroup = 86ADAF9F256074D600A252A5 /* Products */;
			projectDirPath = "";
			projectRoot = "";
			targets = (
				86ADAF9D256074D600A252A5 /* game */,
			);
		};
/* End PBXProject section */

/* Begin PBXResourcesBuildPhase section */
		86ADAF9C256074D600A252A5 /* Resources */ = {
			isa = PBXResourcesBuildPhase;
			buildActionMask = 2147483647;
			files = (
				86ADAFDC2560893900A252A5 /* Roboto-Bold.ttf in Resources */,
				86ADAFDB2560893900A252A5 /* Roboto-Regular.ttf in Resources */,
				86ADAFDA2560893900A252A5 /* Roboto-Medium.ttf in Resources */,
				86ADAFAE256074D800A252A5 /* LaunchScreen.storyboard in Resources */,
				86ADAFAB256074D800A252A5 /* Assets.xcassets in Resources */,
				86ADAFD82560893900A252A5 /* Roboto-Light.ttf in Resources */,
				86ADAFD92560893900A252A5 /* Roboto-Black.ttf in Resources */,
			);
			runOnlyForDeploymentPostprocessing = 0;
		};
/* End PBXResourcesBuildPhase section */

/* Begin PBXSourcesBuildPhase section */
		86ADAF9A256074D600A252A5 /* Sources */ = {
			isa = PBXSourcesBuildPhase;
			buildActionMask = 2147483647;
			files = (
				8650B10F25F0386700B211E1 /* Engine2.swift in Sources */,
				86ADAFA2256074D600A252A5 /* AppDelegate.swift in Sources */,
				86ADAFCC256083A800A252A5 /* UIColor.swift in Sources */,
				864E267C25F05DFE003F02E5 /* Test3.metal in Sources */,
				869CA4E225F1CE4600CADC2F /* GraphicsDevice.swift in Sources */,
				8650B13D25F03A0F00B211E1 /* Renderable.swift in Sources */,
				869CA4E525F1CFCB00CADC2F /* Test3ShaderLibrary.swift in Sources */,
				8650B14725F03A8E00B211E1 /* Renderer.swift in Sources */,
				8650B12C25F039F900B211E1 /* Test2.metal in Sources */,
				8650B13A25F03A0F00B211E1 /* SandboxScene.swift in Sources */,
				8650B13925F03A0F00B211E1 /* Scene.swift in Sources */,
				869891A325FB438E0064F967 /* Test3TestLayer.swift in Sources */,
				86ADAFD0256088C500A252A5 /* Text.swift in Sources */,
				8650B12025F0395E00B211E1 /* VertexDescriptorLibrary.swift in Sources */,
				8650B10C25F0383B00B211E1 /* Types.swift in Sources */,
				86EDD3EE258043EA00B8FAD2 /* GameViewController.swift in Sources */,
				869CA4E925F1D22000CADC2F /* Test3MapLayer.swift in Sources */,
				8650B11225F0388D00B211E1 /* Preferences.swift in Sources */,
				8650B13C25F03A0F00B211E1 /* Player.swift in Sources */,
				86D81C35258460B000A51870 /* GameView1.swift in Sources */,
				8650B11D25F0395E00B211E1 /* RenderPipelineDescriptorLibrary.swift in Sources */,
				8613A7B425802DE20004425B /* Data Structures.swift in Sources */,
				869CA4CA25F1B23100CADC2F /* Test3RenderLayer.swift in Sources */,
				8650B11E25F0395E00B211E1 /* ShaderLibrary.swift in Sources */,
				8653D94D258C3F4200D9286F /* Global Enums.swift in Sources */,
				8650B13B25F03A0F00B211E1 /* GameObject.swift in Sources */,
				864E267625F05DDD003F02E5 /* GameView3.swift in Sources */,
				86D81C6D2584871500A51870 /* Float.swift in Sources */,
				8650B11525F038A900B211E1 /* Math.swift in Sources */,
				864E267F25F05E08003F02E5 /* Engine3.swift in Sources */,
				869CA4D625F1B9F100CADC2F /* Test3PipelineStateLibrary.swift in Sources */,
				869CAA8325F03680001BABC8 /* Test2.swift in Sources */,
				86F0706B258C7A1700ACEA14 /* Test1.swift in Sources */,
				8607379225856D5F005E32AA /* Engine1.swift in Sources */,
				869CA4C525F17A1600CADC2F /* Test3GameController.swift in Sources */,
				8650B13E25F03A0F00B211E1 /* Node.swift in Sources */,
				869CAA7525EF08C6001BABC8 /* GameViewDebugTest.swift in Sources */,
				8650B11F25F0395E00B211E1 /* MeshLibrary.swift in Sources */,
				869CA4ED25F1D2CE00CADC2F /* Test3Types.swift in Sources */,
				86D81C382584615C00A51870 /* RendererShaders1.metal in Sources */,
				8650B12125F0395E00B211E1 /* RenderPipelineStateLibrary.swift in Sources */,
				8650B12725F0399400B211E1 /* SceneManager.swift in Sources */,
				8650B14525F03A8E00B211E1 /* GameView2.swift in Sources */,
				869CA4D925F1BA4C00CADC2F /* Test3PipelineDescriptorLibrary.swift in Sources */,
				8653D94A258BF55000D9286F /* DebugView.swift in Sources */,
				864E267925F05DE6003F02E5 /* Test3.swift in Sources */,
			);
			runOnlyForDeploymentPostprocessing = 0;
		};
/* End PBXSourcesBuildPhase section */

/* Begin PBXVariantGroup section */
		86ADAFAC256074D800A252A5 /* LaunchScreen.storyboard */ = {
			isa = PBXVariantGroup;
			children = (
				86ADAFAD256074D800A252A5 /* Base */,
			);
			name = LaunchScreen.storyboard;
			sourceTree = "<group>";
		};
/* End PBXVariantGroup section */

/* Begin XCBuildConfiguration section */
		86ADAFB0256074D800A252A5 /* Debug */ = {
			isa = XCBuildConfiguration;
			buildSettings = {
				ALWAYS_SEARCH_USER_PATHS = NO;
				CLANG_ANALYZER_NONNULL = YES;
				CLANG_ANALYZER_NUMBER_OBJECT_CONVERSION = YES_AGGRESSIVE;
				CLANG_CXX_LANGUAGE_STANDARD = "gnu++14";
				CLANG_CXX_LIBRARY = "libc++";
				CLANG_ENABLE_MODULES = YES;
				CLANG_ENABLE_OBJC_ARC = YES;
				CLANG_ENABLE_OBJC_WEAK = YES;
				CLANG_WARN_BLOCK_CAPTURE_AUTORELEASING = YES;
				CLANG_WARN_BOOL_CONVERSION = YES;
				CLANG_WARN_COMMA = YES;
				CLANG_WARN_CONSTANT_CONVERSION = YES;
				CLANG_WARN_DEPRECATED_OBJC_IMPLEMENTATIONS = YES;
				CLANG_WARN_DIRECT_OBJC_ISA_USAGE = YES_ERROR;
				CLANG_WARN_DOCUMENTATION_COMMENTS = YES;
				CLANG_WARN_EMPTY_BODY = YES;
				CLANG_WARN_ENUM_CONVERSION = YES;
				CLANG_WARN_INFINITE_RECURSION = YES;
				CLANG_WARN_INT_CONVERSION = YES;
				CLANG_WARN_NON_LITERAL_NULL_CONVERSION = YES;
				CLANG_WARN_OBJC_IMPLICIT_RETAIN_SELF = YES;
				CLANG_WARN_OBJC_LITERAL_CONVERSION = YES;
				CLANG_WARN_OBJC_ROOT_CLASS = YES_ERROR;
				CLANG_WARN_QUOTED_INCLUDE_IN_FRAMEWORK_HEADER = YES;
				CLANG_WARN_RANGE_LOOP_ANALYSIS = YES;
				CLANG_WARN_STRICT_PROTOTYPES = YES;
				CLANG_WARN_SUSPICIOUS_MOVE = YES;
				CLANG_WARN_UNGUARDED_AVAILABILITY = YES_AGGRESSIVE;
				CLANG_WARN_UNREACHABLE_CODE = YES;
				CLANG_WARN__DUPLICATE_METHOD_MATCH = YES;
				COPY_PHASE_STRIP = NO;
				DEBUG_INFORMATION_FORMAT = dwarf;
				ENABLE_STRICT_OBJC_MSGSEND = YES;
				ENABLE_TESTABILITY = YES;
				GCC_C_LANGUAGE_STANDARD = gnu11;
				GCC_DYNAMIC_NO_PIC = NO;
				GCC_NO_COMMON_BLOCKS = YES;
				GCC_OPTIMIZATION_LEVEL = 0;
				GCC_PREPROCESSOR_DEFINITIONS = (
					"DEBUG=1",
					"$(inherited)",
				);
				GCC_WARN_64_TO_32_BIT_CONVERSION = YES;
				GCC_WARN_ABOUT_RETURN_TYPE = YES_ERROR;
				GCC_WARN_UNDECLARED_SELECTOR = YES;
				GCC_WARN_UNINITIALIZED_AUTOS = YES_AGGRESSIVE;
				GCC_WARN_UNUSED_FUNCTION = YES;
				GCC_WARN_UNUSED_VARIABLE = YES;
				IPHONEOS_DEPLOYMENT_TARGET = 14.2;
				MTL_ENABLE_DEBUG_INFO = INCLUDE_SOURCE;
				MTL_FAST_MATH = YES;
				ONLY_ACTIVE_ARCH = YES;
				SDKROOT = iphoneos;
				SWIFT_ACTIVE_COMPILATION_CONDITIONS = DEBUG;
				SWIFT_OPTIMIZATION_LEVEL = "-Onone";
			};
			name = Debug;
		};
		86ADAFB1256074D800A252A5 /* Release */ = {
			isa = XCBuildConfiguration;
			buildSettings = {
				ALWAYS_SEARCH_USER_PATHS = NO;
				CLANG_ANALYZER_NONNULL = YES;
				CLANG_ANALYZER_NUMBER_OBJECT_CONVERSION = YES_AGGRESSIVE;
				CLANG_CXX_LANGUAGE_STANDARD = "gnu++14";
				CLANG_CXX_LIBRARY = "libc++";
				CLANG_ENABLE_MODULES = YES;
				CLANG_ENABLE_OBJC_ARC = YES;
				CLANG_ENABLE_OBJC_WEAK = YES;
				CLANG_WARN_BLOCK_CAPTURE_AUTORELEASING = YES;
				CLANG_WARN_BOOL_CONVERSION = YES;
				CLANG_WARN_COMMA = YES;
				CLANG_WARN_CONSTANT_CONVERSION = YES;
				CLANG_WARN_DEPRECATED_OBJC_IMPLEMENTATIONS = YES;
				CLANG_WARN_DIRECT_OBJC_ISA_USAGE = YES_ERROR;
				CLANG_WARN_DOCUMENTATION_COMMENTS = YES;
				CLANG_WARN_EMPTY_BODY = YES;
				CLANG_WARN_ENUM_CONVERSION = YES;
				CLANG_WARN_INFINITE_RECURSION = YES;
				CLANG_WARN_INT_CONVERSION = YES;
				CLANG_WARN_NON_LITERAL_NULL_CONVERSION = YES;
				CLANG_WARN_OBJC_IMPLICIT_RETAIN_SELF = YES;
				CLANG_WARN_OBJC_LITERAL_CONVERSION = YES;
				CLANG_WARN_OBJC_ROOT_CLASS = YES_ERROR;
				CLANG_WARN_QUOTED_INCLUDE_IN_FRAMEWORK_HEADER = YES;
				CLANG_WARN_RANGE_LOOP_ANALYSIS = YES;
				CLANG_WARN_STRICT_PROTOTYPES = YES;
				CLANG_WARN_SUSPICIOUS_MOVE = YES;
				CLANG_WARN_UNGUARDED_AVAILABILITY = YES_AGGRESSIVE;
				CLANG_WARN_UNREACHABLE_CODE = YES;
				CLANG_WARN__DUPLICATE_METHOD_MATCH = YES;
				COPY_PHASE_STRIP = NO;
				DEBUG_INFORMATION_FORMAT = "dwarf-with-dsym";
				ENABLE_NS_ASSERTIONS = NO;
				ENABLE_STRICT_OBJC_MSGSEND = YES;
				GCC_C_LANGUAGE_STANDARD = gnu11;
				GCC_NO_COMMON_BLOCKS = YES;
				GCC_WARN_64_TO_32_BIT_CONVERSION = YES;
				GCC_WARN_ABOUT_RETURN_TYPE = YES_ERROR;
				GCC_WARN_UNDECLARED_SELECTOR = YES;
				GCC_WARN_UNINITIALIZED_AUTOS = YES_AGGRESSIVE;
				GCC_WARN_UNUSED_FUNCTION = YES;
				GCC_WARN_UNUSED_VARIABLE = YES;
				IPHONEOS_DEPLOYMENT_TARGET = 14.2;
				MTL_ENABLE_DEBUG_INFO = NO;
				MTL_FAST_MATH = YES;
				SDKROOT = iphoneos;
				SWIFT_COMPILATION_MODE = wholemodule;
				SWIFT_OPTIMIZATION_LEVEL = "-O";
				VALIDATE_PRODUCT = YES;
			};
			name = Release;
		};
		86ADAFB3256074D800A252A5 /* Debug */ = {
			isa = XCBuildConfiguration;
			buildSettings = {
				ASSETCATALOG_COMPILER_APPICON_NAME = AppIcon;
				ASSETCATALOG_COMPILER_GLOBAL_ACCENT_COLOR_NAME = AccentColor;
				CODE_SIGN_STYLE = Automatic;
				DEVELOPMENT_TEAM = 2WP5X762NJ;
				INFOPLIST_FILE = game/Resources/Info.plist;
				IPHONEOS_DEPLOYMENT_TARGET = 13.0;
				LD_RUNPATH_SEARCH_PATHS = (
					"$(inherited)",
					"@executable_path/Frameworks",
				);
				PRODUCT_BUNDLE_IDENTIFIER = jax.game;
				PRODUCT_NAME = "$(TARGET_NAME)";
				SWIFT_VERSION = 5.0;
				TARGETED_DEVICE_FAMILY = "1,2";
			};
			name = Debug;
		};
		86ADAFB4256074D800A252A5 /* Release */ = {
			isa = XCBuildConfiguration;
			buildSettings = {
				ASSETCATALOG_COMPILER_APPICON_NAME = AppIcon;
				ASSETCATALOG_COMPILER_GLOBAL_ACCENT_COLOR_NAME = AccentColor;
				CODE_SIGN_STYLE = Automatic;
				DEVELOPMENT_TEAM = 2WP5X762NJ;
				INFOPLIST_FILE = game/Resources/Info.plist;
				IPHONEOS_DEPLOYMENT_TARGET = 13.0;
				LD_RUNPATH_SEARCH_PATHS = (
					"$(inherited)",
					"@executable_path/Frameworks",
				);
				PRODUCT_BUNDLE_IDENTIFIER = jax.game;
				PRODUCT_NAME = "$(TARGET_NAME)";
				SWIFT_VERSION = 5.0;
				TARGETED_DEVICE_FAMILY = "1,2";
			};
			name = Release;
		};
/* End XCBuildConfiguration section */

/* Begin XCConfigurationList section */
		86ADAF99256074D600A252A5 /* Build configuration list for PBXProject "game" */ = {
			isa = XCConfigurationList;
			buildConfigurations = (
				86ADAFB0256074D800A252A5 /* Debug */,
				86ADAFB1256074D800A252A5 /* Release */,
			);
			defaultConfigurationIsVisible = 0;
			defaultConfigurationName = Release;
		};
		86ADAFB2256074D800A252A5 /* Build configuration list for PBXNativeTarget "game" */ = {
			isa = XCConfigurationList;
			buildConfigurations = (
				86ADAFB3256074D800A252A5 /* Debug */,
				86ADAFB4256074D800A252A5 /* Release */,
			);
			defaultConfigurationIsVisible = 0;
			defaultConfigurationName = Release;
		};
/* End XCConfigurationList section */
	};
	rootObject = 86ADAF96256074D600A252A5 /* Project object */;
}
